{
  "originHash" : "3f2b8280b32df82869389da82850b33168a09a16a3d48337090180d9e6d6cda6",
  "pins" : [
    {
      "identity" : "ios-maps-sdk",
      "kind" : "remoteSourceControl",
      "location" : "https://github.com/googlemaps/ios-maps-sdk",
      "state" : {
        "revision" : "02f8f144ef266da44d50a68d1562ca051bac27cc",
        "version" : "9.4.0"
      }
    },
    {
      "identity" : "ios-sdk",
      "kind" : "remoteSourceControl",
      "location" : "https://github.com/spotify/ios-sdk",
      "state" : {
        "revision" : "af71ec0bcf3baa7ec88c72119b7fdf65eb91fd67",
        "version" : "3.0.0"
      }
    }
  ],
  "version" : 3
}
