{
  "originHash" : "5c3d18d8408cfb779ffa5a6fe398ca6002f62339c0e0de6d0c5ae4ce0b85ecf7",
  "pins" : [
    {
      "identity" : "coregpx",
      "kind" : "remoteSourceControl",
      "location" : "https://github.com/vincentneo/CoreGPX",
      "state" : {
        "revision" : "42662cc9235d385bdd0356c8f4cb7b581da24e39",
        "version" : "0.9.3"
      }
    },
    {
      "identity" : "inappsettingskit",
      "kind" : "remoteSourceControl",
      "location" : "https://github.com/futuretap/InAppSettingsKit.git",
      "state" : {
        "revision" : "95254be2affbd72e4c165c36431b2debf6d51913",
        "version" : "3.9.2"
      }
    },
    {
      "identity" : "ios-maps-sdk",
      "kind" : "remoteSourceControl",
      "location" : "https://github.com/googlemaps/ios-maps-sdk",
      "state" : {
        "revision" : "e4c8ab764c05a7e50501f8f7b35a1f8b45203da2",
        "version" : "10.4.0"
      }
    },
    {
      "identity" : "ios-sdk",
      "kind" : "remoteSourceControl",
      "location" : "https://github.com/spotify/ios-sdk",
      "state" : {
        "revision" : "0b3e54771738ad5e64f22c8e5e19ca76d6becc6c",
        "version" : "5.0.1"
      }
    }
  ],
  "version" : 3
}
