// !$*UTF8*$!
{
	archiveVersion = 1;
	classes = {
	};
	objectVersion = 46;
	objects = {

/* Begin PBXBuildFile section */
		7EA4784E1F40B154000CEDDC /* AppDelegate.swift in Sources */ = {isa = PBXBuildFile; fileRef = 7EA4784D1F40B154000CEDDC /* AppDelegate.swift */; };
		7EA478501F40B154000CEDDC /* MyMotorcycleViewController.swift in Sources */ = {isa = PBXBuildFile; fileRef = 7EA4784F1F40B154000CEDDC /* MyMotorcycleViewController.swift */; };
		7EA478531F40B154000CEDDC /* Main.storyboard in Resources */ = {isa = PBXBuildFile; fileRef = 7EA478511F40B154000CEDDC /* Main.storyboard */; };
		7EA478551F40B154000CEDDC /* Assets.xcassets in Resources */ = {isa = PBXBuildFile; fileRef = 7EA478541F40B154000CEDDC /* Assets.xcassets */; };
		7EA478581F40B154000CEDDC /* LaunchScreen.storyboard in Resources */ = {isa = PBXBuildFile; fileRef = 7EA478561F40B154000CEDDC /* LaunchScreen.storyboard */; };
		7EA478631F40B154000CEDDC /* NavLINqTests.swift in Sources */ = {isa = PBXBuildFile; fileRef = 7EA478621F40B154000CEDDC /* NavLINqTests.swift */; };
		7EA478711F40F273000CEDDC /* Device.swift in Sources */ = {isa = PBXBuildFile; fileRef = 7EA478701F40F273000CEDDC /* Device.swift */; };
		7EA478731F4115F6000CEDDC /* CompassViewController.swift in Sources */ = {isa = PBXBuildFile; fileRef = 7EA478721F4115F6000CEDDC /* CompassViewController.swift */; };
		7EA478751F412B73000CEDDC /* LocationDelegate.swift in Sources */ = {isa = PBXBuildFile; fileRef = 7EA478741F412B73000CEDDC /* LocationDelegate.swift */; };
		7EA478771F412BAC000CEDDC /* CLLocation+Extension.swift in Sources */ = {isa = PBXBuildFile; fileRef = 7EA478761F412BAC000CEDDC /* CLLocation+Extension.swift */; };
		7EA478791F412BE9000CEDDC /* UserDefauts+Extensions.swift in Sources */ = {isa = PBXBuildFile; fileRef = 7EA478781F412BE9000CEDDC /* UserDefauts+Extensions.swift */; };
		7EA4787F1F44F54E000CEDDC /* TasksTableViewController.swift in Sources */ = {isa = PBXBuildFile; fileRef = 7EA4787E1F44F54E000CEDDC /* TasksTableViewController.swift */; };
		7EA478811F44F57C000CEDDC /* MusicViewController.swift in Sources */ = {isa = PBXBuildFile; fileRef = 7EA478801F44F57C000CEDDC /* MusicViewController.swift */; };
		7EA478831F4A7260000CEDDC /* Settings.bundle in Resources */ = {isa = PBXBuildFile; fileRef = 7EA478821F4A7260000CEDDC /* Settings.bundle */; };
		7EA478851F4BBBB1000CEDDC /* TODO in Resources */ = {isa = PBXBuildFile; fileRef = 7EA478841F4BBBB1000CEDDC /* TODO */; };
		7EA478871F4BC775000CEDDC /* Logger.swift in Sources */ = {isa = PBXBuildFile; fileRef = 7EA478861F4BC775000CEDDC /* Logger.swift */; };
		7EA4788A1F537ED5000CEDDC /* Localizable.strings in Resources */ = {isa = PBXBuildFile; fileRef = 7EA478881F537ED5000CEDDC /* Localizable.strings */; };
/* End PBXBuildFile section */

/* Begin PBXContainerItemProxy section */
		7EA4785F1F40B154000CEDDC /* PBXContainerItemProxy */ = {
			isa = PBXContainerItemProxy;
			containerPortal = 7EA478421F40B154000CEDDC /* Project object */;
			proxyType = 1;
			remoteGlobalIDString = 7EA478491F40B154000CEDDC;
			remoteInfo = NavLINq;
		};
/* End PBXContainerItemProxy section */

/* Begin PBXFileReference section */
		7EA4784A1F40B154000CEDDC /* NavLINq.app */ = {isa = PBXFileReference; explicitFileType = wrapper.application; includeInIndex = 0; path = NavLINq.app; sourceTree = BUILT_PRODUCTS_DIR; };
		7EA4784D1F40B154000CEDDC /* AppDelegate.swift */ = {isa = PBXFileReference; lastKnownFileType = sourcecode.swift; path = AppDelegate.swift; sourceTree = "<group>"; };
		7EA4784F1F40B154000CEDDC /* MyMotorcycleViewController.swift */ = {isa = PBXFileReference; lastKnownFileType = sourcecode.swift; path = MyMotorcycleViewController.swift; sourceTree = "<group>"; };
		7EA478521F40B154000CEDDC /* Base */ = {isa = PBXFileReference; lastKnownFileType = file.storyboard; name = Base; path = Base.lproj/Main.storyboard; sourceTree = "<group>"; };
		7EA478541F40B154000CEDDC /* Assets.xcassets */ = {isa = PBXFileReference; lastKnownFileType = folder.assetcatalog; path = Assets.xcassets; sourceTree = "<group>"; };
		7EA478571F40B154000CEDDC /* Base */ = {isa = PBXFileReference; lastKnownFileType = file.storyboard; name = Base; path = Base.lproj/LaunchScreen.storyboard; sourceTree = "<group>"; };
		7EA478591F40B154000CEDDC /* Info.plist */ = {isa = PBXFileReference; lastKnownFileType = text.plist.xml; path = Info.plist; sourceTree = "<group>"; };
		7EA4785E1F40B154000CEDDC /* NavLINqTests.xctest */ = {isa = PBXFileReference; explicitFileType = wrapper.cfbundle; includeInIndex = 0; path = NavLINqTests.xctest; sourceTree = BUILT_PRODUCTS_DIR; };
		7EA478621F40B154000CEDDC /* NavLINqTests.swift */ = {isa = PBXFileReference; lastKnownFileType = sourcecode.swift; path = NavLINqTests.swift; sourceTree = "<group>"; };
		7EA478641F40B154000CEDDC /* Info.plist */ = {isa = PBXFileReference; lastKnownFileType = text.plist.xml; path = Info.plist; sourceTree = "<group>"; };
		7EA478701F40F273000CEDDC /* Device.swift */ = {isa = PBXFileReference; fileEncoding = 4; lastKnownFileType = sourcecode.swift; path = Device.swift; sourceTree = "<group>"; };
		7EA478721F4115F6000CEDDC /* CompassViewController.swift */ = {isa = PBXFileReference; fileEncoding = 4; lastKnownFileType = sourcecode.swift; path = CompassViewController.swift; sourceTree = "<group>"; };
		7EA478741F412B73000CEDDC /* LocationDelegate.swift */ = {isa = PBXFileReference; fileEncoding = 4; lastKnownFileType = sourcecode.swift; path = LocationDelegate.swift; sourceTree = "<group>"; };
		7EA478761F412BAC000CEDDC /* CLLocation+Extension.swift */ = {isa = PBXFileReference; fileEncoding = 4; lastKnownFileType = sourcecode.swift; path = "CLLocation+Extension.swift"; sourceTree = "<group>"; };
		7EA478781F412BE9000CEDDC /* UserDefauts+Extensions.swift */ = {isa = PBXFileReference; fileEncoding = 4; lastKnownFileType = sourcecode.swift; path = "UserDefauts+Extensions.swift"; sourceTree = "<group>"; };
		7EA4787E1F44F54E000CEDDC /* TasksTableViewController.swift */ = {isa = PBXFileReference; fileEncoding = 4; lastKnownFileType = sourcecode.swift; path = TasksTableViewController.swift; sourceTree = "<group>"; };
		7EA478801F44F57C000CEDDC /* MusicViewController.swift */ = {isa = PBXFileReference; fileEncoding = 4; lastKnownFileType = sourcecode.swift; path = MusicViewController.swift; sourceTree = "<group>"; };
		7EA478821F4A7260000CEDDC /* Settings.bundle */ = {isa = PBXFileReference; lastKnownFileType = "wrapper.plug-in"; path = Settings.bundle; sourceTree = "<group>"; };
		7EA478841F4BBBB1000CEDDC /* TODO */ = {isa = PBXFileReference; fileEncoding = 4; lastKnownFileType = text; path = TODO; sourceTree = "<group>"; };
		7EA478861F4BC775000CEDDC /* Logger.swift */ = {isa = PBXFileReference; fileEncoding = 4; lastKnownFileType = sourcecode.swift; path = Logger.swift; sourceTree = "<group>"; };
		7EA478891F537ED5000CEDDC /* Base */ = {isa = PBXFileReference; lastKnownFileType = text.plist.strings; name = Base; path = NavLINq/Base.lproj/Localizable.strings; sourceTree = "<group>"; };
/* End PBXFileReference section */

/* Begin PBXFrameworksBuildPhase section */
		7EA478471F40B154000CEDDC /* Frameworks */ = {
			isa = PBXFrameworksBuildPhase;
			buildActionMask = 2147483647;
			files = (
			);
			runOnlyForDeploymentPostprocessing = 0;
		};
		7EA4785B1F40B154000CEDDC /* Frameworks */ = {
			isa = PBXFrameworksBuildPhase;
			buildActionMask = 2147483647;
			files = (
			);
			runOnlyForDeploymentPostprocessing = 0;
		};
/* End PBXFrameworksBuildPhase section */

/* Begin PBXGroup section */
		7EA478411F40B154000CEDDC = {
			isa = PBXGroup;
			children = (
				7EA478881F537ED5000CEDDC /* Localizable.strings */,
				7EA4784C1F40B154000CEDDC /* NavLINq */,
				7EA478611F40B154000CEDDC /* NavLINqTests */,
				7EA4784B1F40B154000CEDDC /* Products */,
			);
			sourceTree = "<group>";
		};
		7EA4784B1F40B154000CEDDC /* Products */ = {
			isa = PBXGroup;
			children = (
				7EA4784A1F40B154000CEDDC /* NavLINq.app */,
				7EA4785E1F40B154000CEDDC /* NavLINqTests.xctest */,
			);
			name = Products;
			sourceTree = "<group>";
		};
		7EA4784C1F40B154000CEDDC /* NavLINq */ = {
			isa = PBXGroup;
			children = (
				7EA4784D1F40B154000CEDDC /* AppDelegate.swift */,
				7EA478701F40F273000CEDDC /* Device.swift */,
				7EA478861F4BC775000CEDDC /* Logger.swift */,
				7EA478741F412B73000CEDDC /* LocationDelegate.swift */,
				7EA478761F412BAC000CEDDC /* CLLocation+Extension.swift */,
				7EA478781F412BE9000CEDDC /* UserDefauts+Extensions.swift */,
				7EA4784F1F40B154000CEDDC /* MyMotorcycleViewController.swift */,
				7EA478721F4115F6000CEDDC /* CompassViewController.swift */,
				7EA478801F44F57C000CEDDC /* MusicViewController.swift */,
				7EA4787E1F44F54E000CEDDC /* TasksTableViewController.swift */,
				7EA478511F40B154000CEDDC /* Main.storyboard */,
				7EA478821F4A7260000CEDDC /* Settings.bundle */,
				7EA478541F40B154000CEDDC /* Assets.xcassets */,
				7EA478561F40B154000CEDDC /* LaunchScreen.storyboard */,
				7EA478591F40B154000CEDDC /* Info.plist */,
				7EA478841F4BBBB1000CEDDC /* TODO */,
			);
			path = NavLINq;
			sourceTree = "<group>";
		};
		7EA478611F40B154000CEDDC /* NavLINqTests */ = {
			isa = PBXGroup;
			children = (
				7EA478621F40B154000CEDDC /* NavLINqTests.swift */,
				7EA478641F40B154000CEDDC /* Info.plist */,
			);
			path = NavLINqTests;
			sourceTree = "<group>";
		};
/* End PBXGroup section */

/* Begin PBXNativeTarget section */
		7EA478491F40B154000CEDDC /* NavLINq */ = {
			isa = PBXNativeTarget;
			buildConfigurationList = 7EA478671F40B154000CEDDC /* Build configuration list for PBXNativeTarget "NavLINq" */;
			buildPhases = (
				7EA478461F40B154000CEDDC /* Sources */,
				7EA478471F40B154000CEDDC /* Frameworks */,
				7EA478481F40B154000CEDDC /* Resources */,
			);
			buildRules = (
			);
			dependencies = (
			);
			name = NavLINq;
			productName = NavLINq;
			productReference = 7EA4784A1F40B154000CEDDC /* NavLINq.app */;
			productType = "com.apple.product-type.application";
		};
		7EA4785D1F40B154000CEDDC /* NavLINqTests */ = {
			isa = PBXNativeTarget;
			buildConfigurationList = 7EA4786A1F40B154000CEDDC /* Build configuration list for PBXNativeTarget "NavLINqTests" */;
			buildPhases = (
				7EA4785A1F40B154000CEDDC /* Sources */,
				7EA4785B1F40B154000CEDDC /* Frameworks */,
				7EA4785C1F40B154000CEDDC /* Resources */,
			);
			buildRules = (
			);
			dependencies = (
				7EA478601F40B154000CEDDC /* PBXTargetDependency */,
			);
			name = NavLINqTests;
			productName = NavLINqTests;
			productReference = 7EA4785E1F40B154000CEDDC /* NavLINqTests.xctest */;
			productType = "com.apple.product-type.bundle.unit-test";
		};
/* End PBXNativeTarget section */

/* Begin PBXProject section */
		7EA478421F40B154000CEDDC /* Project object */ = {
			isa = PBXProject;
			attributes = {
				LastSwiftUpdateCheck = 0830;
				LastUpgradeCheck = 0830;
				ORGANIZATIONNAME = "Keith Conger";
				TargetAttributes = {
					7EA478491F40B154000CEDDC = {
						CreatedOnToolsVersion = 8.3.3;
						DevelopmentTeam = L5697YQ5RS;
						ProvisioningStyle = Automatic;
						SystemCapabilities = {
							com.apple.BackgroundModes = {
								enabled = 1;
							};
						};
					};
					7EA4785D1F40B154000CEDDC = {
						CreatedOnToolsVersion = 8.3.3;
						DevelopmentTeam = L5697YQ5RS;
						ProvisioningStyle = Automatic;
						TestTargetID = 7EA478491F40B154000CEDDC;
					};
				};
			};
			buildConfigurationList = 7EA478451F40B154000CEDDC /* Build configuration list for PBXProject "NavLINq" */;
			compatibilityVersion = "Xcode 3.2";
			developmentRegion = English;
			hasScannedForEncodings = 0;
			knownRegions = (
				en,
				Base,
			);
			mainGroup = 7EA478411F40B154000CEDDC;
			productRefGroup = 7EA4784B1F40B154000CEDDC /* Products */;
			projectDirPath = "";
			projectRoot = "";
			targets = (
				7EA478491F40B154000CEDDC /* NavLINq */,
				7EA4785D1F40B154000CEDDC /* NavLINqTests */,
			);
		};
/* End PBXProject section */

/* Begin PBXResourcesBuildPhase section */
		7EA478481F40B154000CEDDC /* Resources */ = {
			isa = PBXResourcesBuildPhase;
			buildActionMask = 2147483647;
			files = (
				7EA478831F4A7260000CEDDC /* Settings.bundle in Resources */,
				7EA4788A1F537ED5000CEDDC /* Localizable.strings in Resources */,
				7EA478851F4BBBB1000CEDDC /* TODO in Resources */,
				7EA478581F40B154000CEDDC /* LaunchScreen.storyboard in Resources */,
				7EA478551F40B154000CEDDC /* Assets.xcassets in Resources */,
				7EA478531F40B154000CEDDC /* Main.storyboard in Resources */,
			);
			runOnlyForDeploymentPostprocessing = 0;
		};
		7EA4785C1F40B154000CEDDC /* Resources */ = {
			isa = PBXResourcesBuildPhase;
			buildActionMask = 2147483647;
			files = (
			);
			runOnlyForDeploymentPostprocessing = 0;
		};
/* End PBXResourcesBuildPhase section */

/* Begin PBXSourcesBuildPhase section */
		7EA478461F40B154000CEDDC /* Sources */ = {
			isa = PBXSourcesBuildPhase;
			buildActionMask = 2147483647;
			files = (
				7EA478711F40F273000CEDDC /* Device.swift in Sources */,
				7EA478771F412BAC000CEDDC /* CLLocation+Extension.swift in Sources */,
				7EA478501F40B154000CEDDC /* MyMotorcycleViewController.swift in Sources */,
				7EA478791F412BE9000CEDDC /* UserDefauts+Extensions.swift in Sources */,
				7EA4784E1F40B154000CEDDC /* AppDelegate.swift in Sources */,
				7EA478871F4BC775000CEDDC /* Logger.swift in Sources */,
				7EA478731F4115F6000CEDDC /* CompassViewController.swift in Sources */,
				7EA478811F44F57C000CEDDC /* MusicViewController.swift in Sources */,
				7EA4787F1F44F54E000CEDDC /* TasksTableViewController.swift in Sources */,
				7EA478751F412B73000CEDDC /* LocationDelegate.swift in Sources */,
			);
			runOnlyForDeploymentPostprocessing = 0;
		};
		7EA4785A1F40B154000CEDDC /* Sources */ = {
			isa = PBXSourcesBuildPhase;
			buildActionMask = 2147483647;
			files = (
				7EA478631F40B154000CEDDC /* NavLINqTests.swift in Sources */,
			);
			runOnlyForDeploymentPostprocessing = 0;
		};
/* End PBXSourcesBuildPhase section */

/* Begin PBXTargetDependency section */
		7EA478601F40B154000CEDDC /* PBXTargetDependency */ = {
			isa = PBXTargetDependency;
			target = 7EA478491F40B154000CEDDC /* NavLINq */;
			targetProxy = 7EA4785F1F40B154000CEDDC /* PBXContainerItemProxy */;
		};
/* End PBXTargetDependency section */

/* Begin PBXVariantGroup section */
		7EA478511F40B154000CEDDC /* Main.storyboard */ = {
			isa = PBXVariantGroup;
			children = (
				7EA478521F40B154000CEDDC /* Base */,
			);
			name = Main.storyboard;
			sourceTree = "<group>";
		};
		7EA478561F40B154000CEDDC /* LaunchScreen.storyboard */ = {
			isa = PBXVariantGroup;
			children = (
				7EA478571F40B154000CEDDC /* Base */,
			);
			name = LaunchScreen.storyboard;
			sourceTree = "<group>";
		};
		7EA478881F537ED5000CEDDC /* Localizable.strings */ = {
			isa = PBXVariantGroup;
			children = (
				7EA478891F537ED5000CEDDC /* Base */,
			);
			name = Localizable.strings;
			sourceTree = "<group>";
		};
/* End PBXVariantGroup section */

/* Begin XCBuildConfiguration section */
		7EA478651F40B154000CEDDC /* Debug */ = {
			isa = XCBuildConfiguration;
			buildSettings = {
				ALWAYS_SEARCH_USER_PATHS = NO;
				CLANG_ANALYZER_NONNULL = YES;
				CLANG_ANALYZER_NUMBER_OBJECT_CONVERSION = YES_AGGRESSIVE;
				CLANG_CXX_LANGUAGE_STANDARD = "gnu++0x";
				CLANG_CXX_LIBRARY = "libc++";
				CLANG_ENABLE_MODULES = YES;
				CLANG_ENABLE_OBJC_ARC = YES;
				CLANG_WARN_BOOL_CONVERSION = YES;
				CLANG_WARN_CONSTANT_CONVERSION = YES;
				CLANG_WARN_DIRECT_OBJC_ISA_USAGE = YES_ERROR;
				CLANG_WARN_DOCUMENTATION_COMMENTS = YES;
				CLANG_WARN_EMPTY_BODY = YES;
				CLANG_WARN_ENUM_CONVERSION = YES;
				CLANG_WARN_INFINITE_RECURSION = YES;
				CLANG_WARN_INT_CONVERSION = YES;
				CLANG_WARN_OBJC_ROOT_CLASS = YES_ERROR;
				CLANG_WARN_SUSPICIOUS_MOVE = YES;
				CLANG_WARN_UNREACHABLE_CODE = YES;
				CLANG_WARN__DUPLICATE_METHOD_MATCH = YES;
				"CODE_SIGN_IDENTITY[sdk=iphoneos*]" = "iPhone Developer";
				COPY_PHASE_STRIP = NO;
				DEBUG_INFORMATION_FORMAT = dwarf;
				ENABLE_STRICT_OBJC_MSGSEND = YES;
				ENABLE_TESTABILITY = YES;
				GCC_C_LANGUAGE_STANDARD = gnu99;
				GCC_DYNAMIC_NO_PIC = NO;
				GCC_NO_COMMON_BLOCKS = YES;
				GCC_OPTIMIZATION_LEVEL = 0;
				GCC_PREPROCESSOR_DEFINITIONS = (
					"DEBUG=1",
					"$(inherited)",
				);
				GCC_WARN_64_TO_32_BIT_CONVERSION = YES;
				GCC_WARN_ABOUT_RETURN_TYPE = YES_ERROR;
				GCC_WARN_UNDECLARED_SELECTOR = YES;
				GCC_WARN_UNINITIALIZED_AUTOS = YES_AGGRESSIVE;
				GCC_WARN_UNUSED_FUNCTION = YES;
				GCC_WARN_UNUSED_VARIABLE = YES;
				IPHONEOS_DEPLOYMENT_TARGET = 10.3;
				MTL_ENABLE_DEBUG_INFO = YES;
				ONLY_ACTIVE_ARCH = YES;
				SDKROOT = iphoneos;
				SWIFT_ACTIVE_COMPILATION_CONDITIONS = DEBUG;
				SWIFT_OPTIMIZATION_LEVEL = "-Onone";
				TARGETED_DEVICE_FAMILY = "1,2";
			};
			name = Debug;
		};
		7EA478661F40B154000CEDDC /* Release */ = {
			isa = XCBuildConfiguration;
			buildSettings = {
				ALWAYS_SEARCH_USER_PATHS = NO;
				CLANG_ANALYZER_NONNULL = YES;
				CLANG_ANALYZER_NUMBER_OBJECT_CONVERSION = YES_AGGRESSIVE;
				CLANG_CXX_LANGUAGE_STANDARD = "gnu++0x";
				CLANG_CXX_LIBRARY = "libc++";
				CLANG_ENABLE_MODULES = YES;
				CLANG_ENABLE_OBJC_ARC = YES;
				CLANG_WARN_BOOL_CONVERSION = YES;
				CLANG_WARN_CONSTANT_CONVERSION = YES;
				CLANG_WARN_DIRECT_OBJC_ISA_USAGE = YES_ERROR;
				CLANG_WARN_DOCUMENTATION_COMMENTS = YES;
				CLANG_WARN_EMPTY_BODY = YES;
				CLANG_WARN_ENUM_CONVERSION = YES;
				CLANG_WARN_INFINITE_RECURSION = YES;
				CLANG_WARN_INT_CONVERSION = YES;
				CLANG_WARN_OBJC_ROOT_CLASS = YES_ERROR;
				CLANG_WARN_SUSPICIOUS_MOVE = YES;
				CLANG_WARN_UNREACHABLE_CODE = YES;
				CLANG_WARN__DUPLICATE_METHOD_MATCH = YES;
				"CODE_SIGN_IDENTITY[sdk=iphoneos*]" = "iPhone Developer";
				COPY_PHASE_STRIP = NO;
				DEBUG_INFORMATION_FORMAT = "dwarf-with-dsym";
				ENABLE_NS_ASSERTIONS = NO;
				ENABLE_STRICT_OBJC_MSGSEND = YES;
				GCC_C_LANGUAGE_STANDARD = gnu99;
				GCC_NO_COMMON_BLOCKS = YES;
				GCC_WARN_64_TO_32_BIT_CONVERSION = YES;
				GCC_WARN_ABOUT_RETURN_TYPE = YES_ERROR;
				GCC_WARN_UNDECLARED_SELECTOR = YES;
				GCC_WARN_UNINITIALIZED_AUTOS = YES_AGGRESSIVE;
				GCC_WARN_UNUSED_FUNCTION = YES;
				GCC_WARN_UNUSED_VARIABLE = YES;
				IPHONEOS_DEPLOYMENT_TARGET = 10.3;
				MTL_ENABLE_DEBUG_INFO = NO;
				SDKROOT = iphoneos;
				SWIFT_OPTIMIZATION_LEVEL = "-Owholemodule";
				TARGETED_DEVICE_FAMILY = "1,2";
				VALIDATE_PRODUCT = YES;
			};
			name = Release;
		};
		7EA478681F40B154000CEDDC /* Debug */ = {
			isa = XCBuildConfiguration;
			buildSettings = {
				ASSETCATALOG_COMPILER_APPICON_NAME = AppIcon;
				CLANG_ANALYZER_LOCALIZABILITY_EMPTY_CONTEXT = YES;
				CLANG_ANALYZER_LOCALIZABILITY_NONLOCALIZED = YES;
				DEVELOPMENT_TEAM = L5697YQ5RS;
				INFOPLIST_FILE = NavLINq/Info.plist;
				LD_RUNPATH_SEARCH_PATHS = "$(inherited) @executable_path/Frameworks";
				PRODUCT_BUNDLE_IDENTIFIER = com.badasscompay.NavLINq;
				PRODUCT_NAME = "$(TARGET_NAME)";
				SWIFT_VERSION = 3.0;
			};
			name = Debug;
		};
		7EA478691F40B154000CEDDC /* Release */ = {
			isa = XCBuildConfiguration;
			buildSettings = {
				ASSETCATALOG_COMPILER_APPICON_NAME = AppIcon;
				CLANG_ANALYZER_LOCALIZABILITY_EMPTY_CONTEXT = YES;
				CLANG_ANALYZER_LOCALIZABILITY_NONLOCALIZED = YES;
				DEVELOPMENT_TEAM = L5697YQ5RS;
				INFOPLIST_FILE = NavLINq/Info.plist;
				LD_RUNPATH_SEARCH_PATHS = "$(inherited) @executable_path/Frameworks";
				PRODUCT_BUNDLE_IDENTIFIER = com.badasscompay.NavLINq;
				PRODUCT_NAME = "$(TARGET_NAME)";
				SWIFT_VERSION = 3.0;
			};
			name = Release;
		};
		7EA4786B1F40B154000CEDDC /* Debug */ = {
			isa = XCBuildConfiguration;
			buildSettings = {
				ALWAYS_EMBED_SWIFT_STANDARD_LIBRARIES = YES;
				BUNDLE_LOADER = "$(TEST_HOST)";
				DEVELOPMENT_TEAM = L5697YQ5RS;
				INFOPLIST_FILE = NavLINqTests/Info.plist;
				LD_RUNPATH_SEARCH_PATHS = "$(inherited) @executable_path/Frameworks @loader_path/Frameworks";
				PRODUCT_BUNDLE_IDENTIFIER = com.badasscompay.NavLINqTests;
				PRODUCT_NAME = "$(TARGET_NAME)";
				SWIFT_VERSION = 3.0;
				TEST_HOST = "$(BUILT_PRODUCTS_DIR)/NavLINq.app/NavLINq";
			};
			name = Debug;
		};
		7EA4786C1F40B154000CEDDC /* Release */ = {
			isa = XCBuildConfiguration;
			buildSettings = {
				ALWAYS_EMBED_SWIFT_STANDARD_LIBRARIES = YES;
				BUNDLE_LOADER = "$(TEST_HOST)";
				DEVELOPMENT_TEAM = L5697YQ5RS;
				INFOPLIST_FILE = NavLINqTests/Info.plist;
				LD_RUNPATH_SEARCH_PATHS = "$(inherited) @executable_path/Frameworks @loader_path/Frameworks";
				PRODUCT_BUNDLE_IDENTIFIER = com.badasscompay.NavLINqTests;
				PRODUCT_NAME = "$(TARGET_NAME)";
				SWIFT_VERSION = 3.0;
				TEST_HOST = "$(BUILT_PRODUCTS_DIR)/NavLINq.app/NavLINq";
			};
			name = Release;
		};
/* End XCBuildConfiguration section */

/* Begin XCConfigurationList section */
		7EA478451F40B154000CEDDC /* Build configuration list for PBXProject "NavLINq" */ = {
			isa = XCConfigurationList;
			buildConfigurations = (
				7EA478651F40B154000CEDDC /* Debug */,
				7EA478661F40B154000CEDDC /* Release */,
			);
			defaultConfigurationIsVisible = 0;
			defaultConfigurationName = Release;
		};
		7EA478671F40B154000CEDDC /* Build configuration list for PBXNativeTarget "NavLINq" */ = {
			isa = XCConfigurationList;
			buildConfigurations = (
				7EA478681F40B154000CEDDC /* Debug */,
				7EA478691F40B154000CEDDC /* Release */,
			);
			defaultConfigurationIsVisible = 0;
		};
		7EA4786A1F40B154000CEDDC /* Build configuration list for PBXNativeTarget "NavLINqTests" */ = {
			isa = XCConfigurationList;
			buildConfigurations = (
				7EA4786B1F40B154000CEDDC /* Debug */,
				7EA4786C1F40B154000CEDDC /* Release */,
			);
			defaultConfigurationIsVisible = 0;
		};
/* End XCConfigurationList section */
	};
	rootObject = 7EA478421F40B154000CEDDC /* Project object */;
}
