// !$*UTF8*$!
{
	archiveVersion = 1;
	classes = {
	};
	objectVersion = 50;
	objects = {

/* Begin PBXBuildFile section */
		7E068BC320FD8A100076EAAD /* FaultsTableViewController.swift in Sources */ = {isa = PBXBuildFile; fileRef = 7E068BC220FD8A100076EAAD /* FaultsTableViewController.swift */; };
		7E068BC7210190CB0076EAAD /* TripsTableViewController.swift in Sources */ = {isa = PBXBuildFile; fileRef = 7E068BC6210190CB0076EAAD /* TripsTableViewController.swift */; };
		7E068BC9210190F00076EAAD /* WaypointsTableViewController.swift in Sources */ = {isa = PBXBuildFile; fileRef = 7E068BC8210190F00076EAAD /* WaypointsTableViewController.swift */; };
		7E068BCB2102ACF30076EAAD /* Popover.swift in Sources */ = {isa = PBXBuildFile; fileRef = 7E068BCA2102ACF30076EAAD /* Popover.swift */; };
		7E068BCD2102ADD20076EAAD /* WaypointViewController.swift in Sources */ = {isa = PBXBuildFile; fileRef = 7E068BCC2102ADD20076EAAD /* WaypointViewController.swift */; };
		7E068BD12102C6290076EAAD /* GoogleMapsCore.framework in Frameworks */ = {isa = PBXBuildFile; fileRef = 7E068BCE2102C6270076EAAD /* GoogleMapsCore.framework */; };
		7E068BD22102C6290076EAAD /* GoogleMaps.framework in Frameworks */ = {isa = PBXBuildFile; fileRef = 7E068BCF2102C6280076EAAD /* GoogleMaps.framework */; };
		7E068BD32102C6290076EAAD /* GoogleMapsBase.framework in Frameworks */ = {isa = PBXBuildFile; fileRef = 7E068BD02102C6290076EAAD /* GoogleMapsBase.framework */; };
		7E068BD92102C7DE0076EAAD /* Accelerate.framework in Frameworks */ = {isa = PBXBuildFile; fileRef = 7E068BD82102C7DE0076EAAD /* Accelerate.framework */; };
		7E068BE82102C8820076EAAD /* CoreGraphics.framework in Frameworks */ = {isa = PBXBuildFile; fileRef = 7E068BDA2102C8810076EAAD /* CoreGraphics.framework */; };
		7E068BE92102C8820076EAAD /* libz.tbd in Frameworks */ = {isa = PBXBuildFile; fileRef = 7E068BDB2102C8810076EAAD /* libz.tbd */; };
		7E068BEA2102C8820076EAAD /* OpenGLES.framework in Frameworks */ = {isa = PBXBuildFile; fileRef = 7E068BDC2102C8810076EAAD /* OpenGLES.framework */; };
		7E068BEB2102C8820076EAAD /* CoreLocation.framework in Frameworks */ = {isa = PBXBuildFile; fileRef = 7E068BDD2102C8810076EAAD /* CoreLocation.framework */; };
		7E068BEC2102C8820076EAAD /* UIKit.framework in Frameworks */ = {isa = PBXBuildFile; fileRef = 7E068BDE2102C8810076EAAD /* UIKit.framework */; };
		7E068BED2102C8820076EAAD /* GLKit.framework in Frameworks */ = {isa = PBXBuildFile; fileRef = 7E068BDF2102C8810076EAAD /* GLKit.framework */; };
		7E068BEE2102C8820076EAAD /* CoreImage.framework in Frameworks */ = {isa = PBXBuildFile; fileRef = 7E068BE02102C8810076EAAD /* CoreImage.framework */; };
		7E068BEF2102C8820076EAAD /* ImageIO.framework in Frameworks */ = {isa = PBXBuildFile; fileRef = 7E068BE12102C8810076EAAD /* ImageIO.framework */; };
		7E068BF02102C8820076EAAD /* SystemConfiguration.framework in Frameworks */ = {isa = PBXBuildFile; fileRef = 7E068BE22102C8810076EAAD /* SystemConfiguration.framework */; };
		7E068BF12102C8820076EAAD /* CoreText.framework in Frameworks */ = {isa = PBXBuildFile; fileRef = 7E068BE32102C8810076EAAD /* CoreText.framework */; };
		7E068BF22102C8820076EAAD /* CoreTelephony.framework in Frameworks */ = {isa = PBXBuildFile; fileRef = 7E068BE42102C8810076EAAD /* CoreTelephony.framework */; };
		7E068BF32102C8820076EAAD /* libc++.tbd in Frameworks */ = {isa = PBXBuildFile; fileRef = 7E068BE52102C8820076EAAD /* libc++.tbd */; };
		7E068BF42102C8820076EAAD /* CoreData.framework in Frameworks */ = {isa = PBXBuildFile; fileRef = 7E068BE62102C8820076EAAD /* CoreData.framework */; };
		7E068BF52102C8820076EAAD /* QuartzCore.framework in Frameworks */ = {isa = PBXBuildFile; fileRef = 7E068BE72102C8820076EAAD /* QuartzCore.framework */; };
		7E068BF62102D1A90076EAAD /* GoogleMaps.bundle in Resources */ = {isa = PBXBuildFile; fileRef = 7E068BD62102C6DB0076EAAD /* GoogleMaps.bundle */; };
		7E068BF8210645290076EAAD /* TripViewController.swift in Sources */ = {isa = PBXBuildFile; fileRef = 7E068BF7210645290076EAAD /* TripViewController.swift */; };
		7E07AE4720F70FD8004F15B9 /* LocationService.swift in Sources */ = {isa = PBXBuildFile; fileRef = 7E07AE4620F70FD8004F15B9 /* LocationService.swift */; };
		7E5A767820DDEE7200B48CC6 /* UIViewController+Extensions.swift in Sources */ = {isa = PBXBuildFile; fileRef = 7E5A767720DDEE7200B48CC6 /* UIViewController+Extensions.swift */; };
		7E5A767A20DDFEF700B48CC6 /* Waypoint.swift in Sources */ = {isa = PBXBuildFile; fileRef = 7E5A767920DDFEF700B48CC6 /* Waypoint.swift */; };
		7E5E0F78212289140048B9A2 /* AppUtility.swift in Sources */ = {isa = PBXBuildFile; fileRef = 7E5E0F77212289140048B9A2 /* AppUtility.swift */; };
		7E6987DB20F82F1A00B4781D /* MotorcycleData.swift in Sources */ = {isa = PBXBuildFile; fileRef = 7E6987DA20F82F1A00B4781D /* MotorcycleData.swift */; };
		7E6987DD20F8F83500B4781D /* Faults.swift in Sources */ = {isa = PBXBuildFile; fileRef = 7E6987DC20F8F83500B4781D /* Faults.swift */; };
		7E80BD3B211CF80600B8CA0D /* LocalisableLabel.swift in Sources */ = {isa = PBXBuildFile; fileRef = 7E80BD3A211CF80600B8CA0D /* LocalisableLabel.swift */; };
		7E80BD3D211CFF7300B8CA0D /* LocalisableButton.swift in Sources */ = {isa = PBXBuildFile; fileRef = 7E80BD3C211CFF7300B8CA0D /* LocalisableButton.swift */; };
		7E80BD42211D419C00B8CA0D /* WaypointsNavTableViewController.swift in Sources */ = {isa = PBXBuildFile; fileRef = 7E80BD41211D419C00B8CA0D /* WaypointsNavTableViewController.swift */; };
		7E80BD44211D5A0600B8CA0D /* UIView+ignoresInvertColors.swift in Sources */ = {isa = PBXBuildFile; fileRef = 7E80BD43211D5A0600B8CA0D /* UIView+ignoresInvertColors.swift */; };
		7EA4784E1F40B154000CEDDC /* AppDelegate.swift in Sources */ = {isa = PBXBuildFile; fileRef = 7EA4784D1F40B154000CEDDC /* AppDelegate.swift */; };
		7EA478501F40B154000CEDDC /* MyMotorcycleViewController.swift in Sources */ = {isa = PBXBuildFile; fileRef = 7EA4784F1F40B154000CEDDC /* MyMotorcycleViewController.swift */; };
		7EA478531F40B154000CEDDC /* Main.storyboard in Resources */ = {isa = PBXBuildFile; fileRef = 7EA478511F40B154000CEDDC /* Main.storyboard */; };
		7EA478551F40B154000CEDDC /* Assets.xcassets in Resources */ = {isa = PBXBuildFile; fileRef = 7EA478541F40B154000CEDDC /* Assets.xcassets */; };
		7EA478581F40B154000CEDDC /* LaunchScreen.storyboard in Resources */ = {isa = PBXBuildFile; fileRef = 7EA478561F40B154000CEDDC /* LaunchScreen.storyboard */; };
		7EA478631F40B154000CEDDC /* WunderLINQTests.swift in Sources */ = {isa = PBXBuildFile; fileRef = 7EA478621F40B154000CEDDC /* WunderLINQTests.swift */; };
		7EA478711F40F273000CEDDC /* Device.swift in Sources */ = {isa = PBXBuildFile; fileRef = 7EA478701F40F273000CEDDC /* Device.swift */; };
		7EA478731F4115F6000CEDDC /* CompassViewController.swift in Sources */ = {isa = PBXBuildFile; fileRef = 7EA478721F4115F6000CEDDC /* CompassViewController.swift */; };
		7EA478751F412B73000CEDDC /* LocationDelegate.swift in Sources */ = {isa = PBXBuildFile; fileRef = 7EA478741F412B73000CEDDC /* LocationDelegate.swift */; };
		7EA478771F412BAC000CEDDC /* CLLocation+Extension.swift in Sources */ = {isa = PBXBuildFile; fileRef = 7EA478761F412BAC000CEDDC /* CLLocation+Extension.swift */; };
		7EA478791F412BE9000CEDDC /* UserDefauts+Extensions.swift in Sources */ = {isa = PBXBuildFile; fileRef = 7EA478781F412BE9000CEDDC /* UserDefauts+Extensions.swift */; };
		7EA4787F1F44F54E000CEDDC /* TasksTableViewController.swift in Sources */ = {isa = PBXBuildFile; fileRef = 7EA4787E1F44F54E000CEDDC /* TasksTableViewController.swift */; };
		7EA478811F44F57C000CEDDC /* MusicViewController.swift in Sources */ = {isa = PBXBuildFile; fileRef = 7EA478801F44F57C000CEDDC /* MusicViewController.swift */; };
		7EA478831F4A7260000CEDDC /* Settings.bundle in Resources */ = {isa = PBXBuildFile; fileRef = 7EA478821F4A7260000CEDDC /* Settings.bundle */; };
		7EA478871F4BC775000CEDDC /* Logger.swift in Sources */ = {isa = PBXBuildFile; fileRef = 7EA478861F4BC775000CEDDC /* Logger.swift */; };
		7EA4788A1F537ED5000CEDDC /* Localizable.strings in Resources */ = {isa = PBXBuildFile; fileRef = 7EA478881F537ED5000CEDDC /* Localizable.strings */; };
		7EA4788E1F5BA136000CEDDC /* Tasks.swift in Sources */ = {isa = PBXBuildFile; fileRef = 7EA4788D1F5BA136000CEDDC /* Tasks.swift */; };
		7EAE9415211E9B3200E24CE9 /* Double+Extensions.swift in Sources */ = {isa = PBXBuildFile; fileRef = 7EAE9414211E9B3200E24CE9 /* Double+Extensions.swift */; };
		7EAE9417211EA30900E24CE9 /* Theme.swift in Sources */ = {isa = PBXBuildFile; fileRef = 7EAE9416211EA30900E24CE9 /* Theme.swift */; };
		7EBFD48E210ADD0000FC9665 /* String+Extensions.swift in Sources */ = {isa = PBXBuildFile; fileRef = 7EBFD48D210ADD0000FC9665 /* String+Extensions.swift */; };
		7EBFD490210E108100FC9665 /* segueFromLeft.swift in Sources */ = {isa = PBXBuildFile; fileRef = 7EBFD48F210E108100FC9665 /* segueFromLeft.swift */; };
		7EBFE1F3214C7D6500F2185A /* ScenicAPI.swift in Sources */ = {isa = PBXBuildFile; fileRef = 7EBFE1F2214C7D6500F2185A /* ScenicAPI.swift */; };
		7EC8C9BD1F827977000CEDDC /* ContactsTableViewContoller.swift in Sources */ = {isa = PBXBuildFile; fileRef = 7EC8C9BC1F827977000CEDDC /* ContactsTableViewContoller.swift */; };
		7EC8C9BF1F830C5B000CEDDC /* PhoneContacts.swift in Sources */ = {isa = PBXBuildFile; fileRef = 7EC8C9BE1F830C5B000CEDDC /* PhoneContacts.swift */; };
		7EC934F22186208A00FD4806 /* AlertViewController.swift in Sources */ = {isa = PBXBuildFile; fileRef = 7EC934F12186208A00FD4806 /* AlertViewController.swift */; };
		7ED2013620D0D0030066BCE6 /* Default-568h@2x.png in Resources */ = {isa = PBXBuildFile; fileRef = 7ED2013520D0D0030066BCE6 /* Default-568h@2x.png */; };
/* End PBXBuildFile section */

/* Begin PBXContainerItemProxy section */
		7EA4785F1F40B154000CEDDC /* PBXContainerItemProxy */ = {
			isa = PBXContainerItemProxy;
			containerPortal = 7EA478421F40B154000CEDDC /* Project object */;
			proxyType = 1;
			remoteGlobalIDString = 7EA478491F40B154000CEDDC;
			remoteInfo = WunderLINQ;
		};
/* End PBXContainerItemProxy section */

/* Begin PBXFileReference section */
		7E068BC220FD8A100076EAAD /* FaultsTableViewController.swift */ = {isa = PBXFileReference; lastKnownFileType = sourcecode.swift; path = FaultsTableViewController.swift; sourceTree = "<group>"; };
		7E068BC6210190CB0076EAAD /* TripsTableViewController.swift */ = {isa = PBXFileReference; lastKnownFileType = sourcecode.swift; path = TripsTableViewController.swift; sourceTree = "<group>"; };
		7E068BC8210190F00076EAAD /* WaypointsTableViewController.swift */ = {isa = PBXFileReference; lastKnownFileType = sourcecode.swift; path = WaypointsTableViewController.swift; sourceTree = "<group>"; };
		7E068BCA2102ACF30076EAAD /* Popover.swift */ = {isa = PBXFileReference; fileEncoding = 4; lastKnownFileType = sourcecode.swift; path = Popover.swift; sourceTree = "<group>"; };
		7E068BCC2102ADD20076EAAD /* WaypointViewController.swift */ = {isa = PBXFileReference; lastKnownFileType = sourcecode.swift; path = WaypointViewController.swift; sourceTree = "<group>"; };
		7E068BCE2102C6270076EAAD /* GoogleMapsCore.framework */ = {isa = PBXFileReference; lastKnownFileType = wrapper.framework; path = GoogleMapsCore.framework; sourceTree = "<group>"; };
		7E068BCF2102C6280076EAAD /* GoogleMaps.framework */ = {isa = PBXFileReference; lastKnownFileType = wrapper.framework; path = GoogleMaps.framework; sourceTree = "<group>"; };
		7E068BD02102C6290076EAAD /* GoogleMapsBase.framework */ = {isa = PBXFileReference; lastKnownFileType = wrapper.framework; path = GoogleMapsBase.framework; sourceTree = "<group>"; };
		7E068BD62102C6DB0076EAAD /* GoogleMaps.bundle */ = {isa = PBXFileReference; lastKnownFileType = "wrapper.plug-in"; path = GoogleMaps.bundle; sourceTree = "<group>"; };
		7E068BD82102C7DE0076EAAD /* Accelerate.framework */ = {isa = PBXFileReference; lastKnownFileType = wrapper.framework; name = Accelerate.framework; path = System/Library/Frameworks/Accelerate.framework; sourceTree = SDKROOT; };
		7E068BDA2102C8810076EAAD /* CoreGraphics.framework */ = {isa = PBXFileReference; lastKnownFileType = wrapper.framework; name = CoreGraphics.framework; path = System/Library/Frameworks/CoreGraphics.framework; sourceTree = SDKROOT; };
		7E068BDB2102C8810076EAAD /* libz.tbd */ = {isa = PBXFileReference; lastKnownFileType = "sourcecode.text-based-dylib-definition"; name = libz.tbd; path = usr/lib/libz.tbd; sourceTree = SDKROOT; };
		7E068BDC2102C8810076EAAD /* OpenGLES.framework */ = {isa = PBXFileReference; lastKnownFileType = wrapper.framework; name = OpenGLES.framework; path = System/Library/Frameworks/OpenGLES.framework; sourceTree = SDKROOT; };
		7E068BDD2102C8810076EAAD /* CoreLocation.framework */ = {isa = PBXFileReference; lastKnownFileType = wrapper.framework; name = CoreLocation.framework; path = System/Library/Frameworks/CoreLocation.framework; sourceTree = SDKROOT; };
		7E068BDE2102C8810076EAAD /* UIKit.framework */ = {isa = PBXFileReference; lastKnownFileType = wrapper.framework; name = UIKit.framework; path = System/Library/Frameworks/UIKit.framework; sourceTree = SDKROOT; };
		7E068BDF2102C8810076EAAD /* GLKit.framework */ = {isa = PBXFileReference; lastKnownFileType = wrapper.framework; name = GLKit.framework; path = System/Library/Frameworks/GLKit.framework; sourceTree = SDKROOT; };
		7E068BE02102C8810076EAAD /* CoreImage.framework */ = {isa = PBXFileReference; lastKnownFileType = wrapper.framework; name = CoreImage.framework; path = System/Library/Frameworks/CoreImage.framework; sourceTree = SDKROOT; };
		7E068BE12102C8810076EAAD /* ImageIO.framework */ = {isa = PBXFileReference; lastKnownFileType = wrapper.framework; name = ImageIO.framework; path = System/Library/Frameworks/ImageIO.framework; sourceTree = SDKROOT; };
		7E068BE22102C8810076EAAD /* SystemConfiguration.framework */ = {isa = PBXFileReference; lastKnownFileType = wrapper.framework; name = SystemConfiguration.framework; path = System/Library/Frameworks/SystemConfiguration.framework; sourceTree = SDKROOT; };
		7E068BE32102C8810076EAAD /* CoreText.framework */ = {isa = PBXFileReference; lastKnownFileType = wrapper.framework; name = CoreText.framework; path = System/Library/Frameworks/CoreText.framework; sourceTree = SDKROOT; };
		7E068BE42102C8810076EAAD /* CoreTelephony.framework */ = {isa = PBXFileReference; lastKnownFileType = wrapper.framework; name = CoreTelephony.framework; path = System/Library/Frameworks/CoreTelephony.framework; sourceTree = SDKROOT; };
		7E068BE52102C8820076EAAD /* libc++.tbd */ = {isa = PBXFileReference; lastKnownFileType = "sourcecode.text-based-dylib-definition"; name = "libc++.tbd"; path = "usr/lib/libc++.tbd"; sourceTree = SDKROOT; };
		7E068BE62102C8820076EAAD /* CoreData.framework */ = {isa = PBXFileReference; lastKnownFileType = wrapper.framework; name = CoreData.framework; path = System/Library/Frameworks/CoreData.framework; sourceTree = SDKROOT; };
		7E068BE72102C8820076EAAD /* QuartzCore.framework */ = {isa = PBXFileReference; lastKnownFileType = wrapper.framework; name = QuartzCore.framework; path = System/Library/Frameworks/QuartzCore.framework; sourceTree = SDKROOT; };
		7E068BF7210645290076EAAD /* TripViewController.swift */ = {isa = PBXFileReference; lastKnownFileType = sourcecode.swift; path = TripViewController.swift; sourceTree = "<group>"; };
		7E07AE4620F70FD8004F15B9 /* LocationService.swift */ = {isa = PBXFileReference; lastKnownFileType = sourcecode.swift; path = LocationService.swift; sourceTree = "<group>"; };
		7E31915C219A1BB40031A2E3 /* es */ = {isa = PBXFileReference; lastKnownFileType = text.plist.strings; name = es; path = es.lproj/Main.strings; sourceTree = "<group>"; };
		7E31915D219A1BB40031A2E3 /* es */ = {isa = PBXFileReference; lastKnownFileType = text.plist.strings; name = es; path = es.lproj/LaunchScreen.strings; sourceTree = "<group>"; };
		7E31915E219A1BB40031A2E3 /* es */ = {isa = PBXFileReference; lastKnownFileType = text.plist.strings; name = es; path = WunderLINQ/es.lproj/Localizable.strings; sourceTree = "<group>"; };
		7E5A767720DDEE7200B48CC6 /* UIViewController+Extensions.swift */ = {isa = PBXFileReference; lastKnownFileType = sourcecode.swift; path = "UIViewController+Extensions.swift"; sourceTree = "<group>"; };
		7E5A767920DDFEF700B48CC6 /* Waypoint.swift */ = {isa = PBXFileReference; lastKnownFileType = sourcecode.swift; path = Waypoint.swift; sourceTree = "<group>"; };
		7E5E0F77212289140048B9A2 /* AppUtility.swift */ = {isa = PBXFileReference; lastKnownFileType = sourcecode.swift; path = AppUtility.swift; sourceTree = "<group>"; };
		7E6987DA20F82F1A00B4781D /* MotorcycleData.swift */ = {isa = PBXFileReference; lastKnownFileType = sourcecode.swift; path = MotorcycleData.swift; sourceTree = "<group>"; };
		7E6987DC20F8F83500B4781D /* Faults.swift */ = {isa = PBXFileReference; lastKnownFileType = sourcecode.swift; path = Faults.swift; sourceTree = "<group>"; };
		7E80BD3A211CF80600B8CA0D /* LocalisableLabel.swift */ = {isa = PBXFileReference; lastKnownFileType = sourcecode.swift; path = LocalisableLabel.swift; sourceTree = "<group>"; };
		7E80BD3C211CFF7300B8CA0D /* LocalisableButton.swift */ = {isa = PBXFileReference; lastKnownFileType = sourcecode.swift; path = LocalisableButton.swift; sourceTree = "<group>"; };
		7E80BD3E211D2CB100B8CA0D /* de */ = {isa = PBXFileReference; lastKnownFileType = text.plist.strings; name = de; path = de.lproj/Main.strings; sourceTree = "<group>"; };
		7E80BD3F211D2CB100B8CA0D /* de */ = {isa = PBXFileReference; lastKnownFileType = text.plist.strings; name = de; path = de.lproj/LaunchScreen.strings; sourceTree = "<group>"; };
		7E80BD40211D2CB100B8CA0D /* de */ = {isa = PBXFileReference; lastKnownFileType = text.plist.strings; name = de; path = WunderLINQ/de.lproj/Localizable.strings; sourceTree = "<group>"; };
		7E80BD41211D419C00B8CA0D /* WaypointsNavTableViewController.swift */ = {isa = PBXFileReference; lastKnownFileType = sourcecode.swift; path = WaypointsNavTableViewController.swift; sourceTree = "<group>"; };
		7E80BD43211D5A0600B8CA0D /* UIView+ignoresInvertColors.swift */ = {isa = PBXFileReference; lastKnownFileType = sourcecode.swift; path = "UIView+ignoresInvertColors.swift"; sourceTree = "<group>"; };
		7EA4784A1F40B154000CEDDC /* WunderLINQ.app */ = {isa = PBXFileReference; explicitFileType = wrapper.application; includeInIndex = 0; path = WunderLINQ.app; sourceTree = BUILT_PRODUCTS_DIR; };
		7EA4784D1F40B154000CEDDC /* AppDelegate.swift */ = {isa = PBXFileReference; lastKnownFileType = sourcecode.swift; path = AppDelegate.swift; sourceTree = "<group>"; };
		7EA4784F1F40B154000CEDDC /* MyMotorcycleViewController.swift */ = {isa = PBXFileReference; lastKnownFileType = sourcecode.swift; path = MyMotorcycleViewController.swift; sourceTree = "<group>"; };
		7EA478521F40B154000CEDDC /* Base */ = {isa = PBXFileReference; lastKnownFileType = file.storyboard; name = Base; path = Base.lproj/Main.storyboard; sourceTree = "<group>"; };
		7EA478541F40B154000CEDDC /* Assets.xcassets */ = {isa = PBXFileReference; lastKnownFileType = folder.assetcatalog; path = Assets.xcassets; sourceTree = "<group>"; };
		7EA478571F40B154000CEDDC /* Base */ = {isa = PBXFileReference; lastKnownFileType = file.storyboard; name = Base; path = Base.lproj/LaunchScreen.storyboard; sourceTree = "<group>"; };
		7EA478591F40B154000CEDDC /* Info.plist */ = {isa = PBXFileReference; lastKnownFileType = text.plist.xml; path = Info.plist; sourceTree = "<group>"; };
		7EA4785E1F40B154000CEDDC /* WunderLINQTests.xctest */ = {isa = PBXFileReference; explicitFileType = wrapper.cfbundle; includeInIndex = 0; path = WunderLINQTests.xctest; sourceTree = BUILT_PRODUCTS_DIR; };
		7EA478621F40B154000CEDDC /* WunderLINQTests.swift */ = {isa = PBXFileReference; lastKnownFileType = sourcecode.swift; path = WunderLINQTests.swift; sourceTree = "<group>"; };
		7EA478641F40B154000CEDDC /* Info.plist */ = {isa = PBXFileReference; lastKnownFileType = text.plist.xml; path = Info.plist; sourceTree = "<group>"; };
		7EA478701F40F273000CEDDC /* Device.swift */ = {isa = PBXFileReference; fileEncoding = 4; lastKnownFileType = sourcecode.swift; path = Device.swift; sourceTree = "<group>"; };
		7EA478721F4115F6000CEDDC /* CompassViewController.swift */ = {isa = PBXFileReference; fileEncoding = 4; lastKnownFileType = sourcecode.swift; path = CompassViewController.swift; sourceTree = "<group>"; };
		7EA478741F412B73000CEDDC /* LocationDelegate.swift */ = {isa = PBXFileReference; fileEncoding = 4; lastKnownFileType = sourcecode.swift; path = LocationDelegate.swift; sourceTree = "<group>"; };
		7EA478761F412BAC000CEDDC /* CLLocation+Extension.swift */ = {isa = PBXFileReference; fileEncoding = 4; lastKnownFileType = sourcecode.swift; path = "CLLocation+Extension.swift"; sourceTree = "<group>"; };
		7EA478781F412BE9000CEDDC /* UserDefauts+Extensions.swift */ = {isa = PBXFileReference; fileEncoding = 4; lastKnownFileType = sourcecode.swift; path = "UserDefauts+Extensions.swift"; sourceTree = "<group>"; };
		7EA4787E1F44F54E000CEDDC /* TasksTableViewController.swift */ = {isa = PBXFileReference; fileEncoding = 4; lastKnownFileType = sourcecode.swift; path = TasksTableViewController.swift; sourceTree = "<group>"; };
		7EA478801F44F57C000CEDDC /* MusicViewController.swift */ = {isa = PBXFileReference; fileEncoding = 4; lastKnownFileType = sourcecode.swift; path = MusicViewController.swift; sourceTree = "<group>"; };
		7EA478821F4A7260000CEDDC /* Settings.bundle */ = {isa = PBXFileReference; lastKnownFileType = "wrapper.plug-in"; path = Settings.bundle; sourceTree = "<group>"; };
		7EA478861F4BC775000CEDDC /* Logger.swift */ = {isa = PBXFileReference; fileEncoding = 4; lastKnownFileType = sourcecode.swift; path = Logger.swift; sourceTree = "<group>"; };
		7EA478891F537ED5000CEDDC /* Base */ = {isa = PBXFileReference; lastKnownFileType = text.plist.strings; name = Base; path = WunderLINQ/Base.lproj/Localizable.strings; sourceTree = "<group>"; };
		7EA4788D1F5BA136000CEDDC /* Tasks.swift */ = {isa = PBXFileReference; fileEncoding = 4; lastKnownFileType = sourcecode.swift; path = Tasks.swift; sourceTree = "<group>"; };
		7EAE9414211E9B3200E24CE9 /* Double+Extensions.swift */ = {isa = PBXFileReference; lastKnownFileType = sourcecode.swift; path = "Double+Extensions.swift"; sourceTree = "<group>"; };
		7EAE9416211EA30900E24CE9 /* Theme.swift */ = {isa = PBXFileReference; lastKnownFileType = sourcecode.swift; path = Theme.swift; sourceTree = "<group>"; };
		7EBFD48D210ADD0000FC9665 /* String+Extensions.swift */ = {isa = PBXFileReference; lastKnownFileType = sourcecode.swift; path = "String+Extensions.swift"; sourceTree = "<group>"; };
		7EBFD48F210E108100FC9665 /* segueFromLeft.swift */ = {isa = PBXFileReference; lastKnownFileType = sourcecode.swift; path = segueFromLeft.swift; sourceTree = "<group>"; };
		7EBFE1F2214C7D6500F2185A /* ScenicAPI.swift */ = {isa = PBXFileReference; fileEncoding = 4; lastKnownFileType = sourcecode.swift; path = ScenicAPI.swift; sourceTree = "<group>"; };
		7EC8C9BC1F827977000CEDDC /* ContactsTableViewContoller.swift */ = {isa = PBXFileReference; lastKnownFileType = sourcecode.swift; path = ContactsTableViewContoller.swift; sourceTree = "<group>"; };
		7EC8C9BE1F830C5B000CEDDC /* PhoneContacts.swift */ = {isa = PBXFileReference; lastKnownFileType = sourcecode.swift; path = PhoneContacts.swift; sourceTree = "<group>"; };
		7EC934F12186208A00FD4806 /* AlertViewController.swift */ = {isa = PBXFileReference; lastKnownFileType = sourcecode.swift; path = AlertViewController.swift; sourceTree = "<group>"; };
		7EC934F32187BE5100FD4806 /* es-419 */ = {isa = PBXFileReference; lastKnownFileType = text.plist.strings; name = "es-419"; path = "es-419.lproj/Main.strings"; sourceTree = "<group>"; };
		7EC934F42187BE5100FD4806 /* es-419 */ = {isa = PBXFileReference; lastKnownFileType = text.plist.strings; name = "es-419"; path = "es-419.lproj/LaunchScreen.strings"; sourceTree = "<group>"; };
		7EC934F52187BE5100FD4806 /* es-419 */ = {isa = PBXFileReference; lastKnownFileType = text.plist.strings; name = "es-419"; path = "WunderLINQ/es-419.lproj/Localizable.strings"; sourceTree = "<group>"; };
		7ED2013520D0D0030066BCE6 /* Default-568h@2x.png */ = {isa = PBXFileReference; lastKnownFileType = image.png; path = "Default-568h@2x.png"; sourceTree = "<group>"; };
/* End PBXFileReference section */

/* Begin PBXFrameworksBuildPhase section */
		7EA478471F40B154000CEDDC /* Frameworks */ = {
			isa = PBXFrameworksBuildPhase;
			buildActionMask = 2147483647;
			files = (
				7E068BE82102C8820076EAAD /* CoreGraphics.framework in Frameworks */,
				7E068BE92102C8820076EAAD /* libz.tbd in Frameworks */,
				7E068BEA2102C8820076EAAD /* OpenGLES.framework in Frameworks */,
				7E068BEB2102C8820076EAAD /* CoreLocation.framework in Frameworks */,
				7E068BEC2102C8820076EAAD /* UIKit.framework in Frameworks */,
				7E068BED2102C8820076EAAD /* GLKit.framework in Frameworks */,
				7E068BEE2102C8820076EAAD /* CoreImage.framework in Frameworks */,
				7E068BEF2102C8820076EAAD /* ImageIO.framework in Frameworks */,
				7E068BF02102C8820076EAAD /* SystemConfiguration.framework in Frameworks */,
				7E068BF12102C8820076EAAD /* CoreText.framework in Frameworks */,
				7E068BF22102C8820076EAAD /* CoreTelephony.framework in Frameworks */,
				7E068BF32102C8820076EAAD /* libc++.tbd in Frameworks */,
				7E068BF42102C8820076EAAD /* CoreData.framework in Frameworks */,
				7E068BF52102C8820076EAAD /* QuartzCore.framework in Frameworks */,
				7E068BD32102C6290076EAAD /* GoogleMapsBase.framework in Frameworks */,
				7E068BD22102C6290076EAAD /* GoogleMaps.framework in Frameworks */,
				7E068BD12102C6290076EAAD /* GoogleMapsCore.framework in Frameworks */,
				7E068BD92102C7DE0076EAAD /* Accelerate.framework in Frameworks */,
			);
			runOnlyForDeploymentPostprocessing = 0;
		};
		7EA4785B1F40B154000CEDDC /* Frameworks */ = {
			isa = PBXFrameworksBuildPhase;
			buildActionMask = 2147483647;
			files = (
			);
			runOnlyForDeploymentPostprocessing = 0;
		};
/* End PBXFrameworksBuildPhase section */

/* Begin PBXGroup section */
		7E068BD72102C7DE0076EAAD /* Frameworks */ = {
			isa = PBXGroup;
			children = (
				7E068BE62102C8820076EAAD /* CoreData.framework */,
				7E068BDA2102C8810076EAAD /* CoreGraphics.framework */,
				7E068BE02102C8810076EAAD /* CoreImage.framework */,
				7E068BDD2102C8810076EAAD /* CoreLocation.framework */,
				7E068BE42102C8810076EAAD /* CoreTelephony.framework */,
				7E068BE32102C8810076EAAD /* CoreText.framework */,
				7E068BDF2102C8810076EAAD /* GLKit.framework */,
				7E068BE12102C8810076EAAD /* ImageIO.framework */,
				7E068BE52102C8820076EAAD /* libc++.tbd */,
				7E068BDB2102C8810076EAAD /* libz.tbd */,
				7E068BDC2102C8810076EAAD /* OpenGLES.framework */,
				7E068BE72102C8820076EAAD /* QuartzCore.framework */,
				7E068BE22102C8810076EAAD /* SystemConfiguration.framework */,
				7E068BDE2102C8810076EAAD /* UIKit.framework */,
				7E068BD82102C7DE0076EAAD /* Accelerate.framework */,
			);
			name = Frameworks;
			sourceTree = "<group>";
		};
		7EA478411F40B154000CEDDC = {
			isa = PBXGroup;
			children = (
				7ED2013520D0D0030066BCE6 /* Default-568h@2x.png */,
				7EA478881F537ED5000CEDDC /* Localizable.strings */,
				7EA4784C1F40B154000CEDDC /* WunderLINQ */,
				7EA478611F40B154000CEDDC /* WunderLINQTests */,
				7EA4784B1F40B154000CEDDC /* Products */,
				7E068BD72102C7DE0076EAAD /* Frameworks */,
			);
			sourceTree = "<group>";
		};
		7EA4784B1F40B154000CEDDC /* Products */ = {
			isa = PBXGroup;
			children = (
				7EA4784A1F40B154000CEDDC /* WunderLINQ.app */,
				7EA4785E1F40B154000CEDDC /* WunderLINQTests.xctest */,
			);
			name = Products;
			sourceTree = "<group>";
		};
		7EA4784C1F40B154000CEDDC /* WunderLINQ */ = {
			isa = PBXGroup;
			children = (
				7E068BCF2102C6280076EAAD /* GoogleMaps.framework */,
				7E068BD02102C6290076EAAD /* GoogleMapsBase.framework */,
				7E068BCE2102C6270076EAAD /* GoogleMapsCore.framework */,
				7EBFE1F2214C7D6500F2185A /* ScenicAPI.swift */,
				7E5E0F77212289140048B9A2 /* AppUtility.swift */,
				7EA4784D1F40B154000CEDDC /* AppDelegate.swift */,
				7EA478701F40F273000CEDDC /* Device.swift */,
				7E068BCA2102ACF30076EAAD /* Popover.swift */,
				7E80BD3C211CFF7300B8CA0D /* LocalisableButton.swift */,
				7E80BD3A211CF80600B8CA0D /* LocalisableLabel.swift */,
				7EA478861F4BC775000CEDDC /* Logger.swift */,
				7EBFD48F210E108100FC9665 /* segueFromLeft.swift */,
				7E07AE4620F70FD8004F15B9 /* LocationService.swift */,
				7EBFD48D210ADD0000FC9665 /* String+Extensions.swift */,
				7EAE9414211E9B3200E24CE9 /* Double+Extensions.swift */,
				7EA478761F412BAC000CEDDC /* CLLocation+Extension.swift */,
				7E5A767720DDEE7200B48CC6 /* UIViewController+Extensions.swift */,
				7E80BD43211D5A0600B8CA0D /* UIView+ignoresInvertColors.swift */,
				7EA478781F412BE9000CEDDC /* UserDefauts+Extensions.swift */,
				7E6987DA20F82F1A00B4781D /* MotorcycleData.swift */,
				7EA4784F1F40B154000CEDDC /* MyMotorcycleViewController.swift */,
				7E6987DC20F8F83500B4781D /* Faults.swift */,
				7E068BC220FD8A100076EAAD /* FaultsTableViewController.swift */,
				7E068BC6210190CB0076EAAD /* TripsTableViewController.swift */,
				7E068BF7210645290076EAAD /* TripViewController.swift */,
				7E5A767920DDFEF700B48CC6 /* Waypoint.swift */,
				7E068BC8210190F00076EAAD /* WaypointsTableViewController.swift */,
				7E068BCC2102ADD20076EAAD /* WaypointViewController.swift */,
				7EA478741F412B73000CEDDC /* LocationDelegate.swift */,
				7EA478721F4115F6000CEDDC /* CompassViewController.swift */,
				7EA478801F44F57C000CEDDC /* MusicViewController.swift */,
				7EA4788D1F5BA136000CEDDC /* Tasks.swift */,
				7EA4787E1F44F54E000CEDDC /* TasksTableViewController.swift */,
				7EC8C9BC1F827977000CEDDC /* ContactsTableViewContoller.swift */,
				7EC8C9BE1F830C5B000CEDDC /* PhoneContacts.swift */,
				7E80BD41211D419C00B8CA0D /* WaypointsNavTableViewController.swift */,
				7EC934F12186208A00FD4806 /* AlertViewController.swift */,
				7EAE9416211EA30900E24CE9 /* Theme.swift */,
				7EA478511F40B154000CEDDC /* Main.storyboard */,
				7E068BD62102C6DB0076EAAD /* GoogleMaps.bundle */,
				7EA478821F4A7260000CEDDC /* Settings.bundle */,
				7EA478541F40B154000CEDDC /* Assets.xcassets */,
				7EA478561F40B154000CEDDC /* LaunchScreen.storyboard */,
				7EA478591F40B154000CEDDC /* Info.plist */,
			);
			path = WunderLINQ;
			sourceTree = "<group>";
		};
		7EA478611F40B154000CEDDC /* WunderLINQTests */ = {
			isa = PBXGroup;
			children = (
				7EA478621F40B154000CEDDC /* WunderLINQTests.swift */,
				7EA478641F40B154000CEDDC /* Info.plist */,
			);
			path = WunderLINQTests;
			sourceTree = "<group>";
		};
/* End PBXGroup section */

/* Begin PBXNativeTarget section */
		7EA478491F40B154000CEDDC /* WunderLINQ */ = {
			isa = PBXNativeTarget;
			buildConfigurationList = 7EA478671F40B154000CEDDC /* Build configuration list for PBXNativeTarget "WunderLINQ" */;
			buildPhases = (
				7EA478461F40B154000CEDDC /* Sources */,
				7EA478471F40B154000CEDDC /* Frameworks */,
				7EA478481F40B154000CEDDC /* Resources */,
			);
			buildRules = (
			);
			dependencies = (
			);
			name = WunderLINQ;
			productName = WunderLINQ;
			productReference = 7EA4784A1F40B154000CEDDC /* WunderLINQ.app */;
			productType = "com.apple.product-type.application";
		};
		7EA4785D1F40B154000CEDDC /* WunderLINQTests */ = {
			isa = PBXNativeTarget;
			buildConfigurationList = 7EA4786A1F40B154000CEDDC /* Build configuration list for PBXNativeTarget "WunderLINQTests" */;
			buildPhases = (
				7EA4785A1F40B154000CEDDC /* Sources */,
				7EA4785B1F40B154000CEDDC /* Frameworks */,
				7EA4785C1F40B154000CEDDC /* Resources */,
			);
			buildRules = (
			);
			dependencies = (
				7EA478601F40B154000CEDDC /* PBXTargetDependency */,
			);
			name = WunderLINQTests;
			productName = WunderLINQTests;
			productReference = 7EA4785E1F40B154000CEDDC /* WunderLINQTests.xctest */;
			productType = "com.apple.product-type.bundle.unit-test";
		};
/* End PBXNativeTarget section */

/* Begin PBXProject section */
		7EA478421F40B154000CEDDC /* Project object */ = {
			isa = PBXProject;
			attributes = {
				LastSwiftUpdateCheck = 0830;
				LastUpgradeCheck = 0940;
				ORGANIZATIONNAME = "Black Box Embedded, LLC";
				TargetAttributes = {
					7EA478491F40B154000CEDDC = {
						CreatedOnToolsVersion = 8.3.3;
						DevelopmentTeam = 3J48UMN5W2;
						ProvisioningStyle = Automatic;
						SystemCapabilities = {
							com.apple.BackgroundModes = {
								enabled = 1;
							};
						};
					};
					7EA4785D1F40B154000CEDDC = {
						CreatedOnToolsVersion = 8.3.3;
						DevelopmentTeam = L5697YQ5RS;
						ProvisioningStyle = Automatic;
						TestTargetID = 7EA478491F40B154000CEDDC;
					};
				};
			};
			buildConfigurationList = 7EA478451F40B154000CEDDC /* Build configuration list for PBXProject "WunderLINQ" */;
			compatibilityVersion = "Xcode 9.3";
			developmentRegion = English;
			hasScannedForEncodings = 0;
			knownRegions = (
				en,
				Base,
				de,
				"es-419",
				es,
			);
			mainGroup = 7EA478411F40B154000CEDDC;
			productRefGroup = 7EA4784B1F40B154000CEDDC /* Products */;
			projectDirPath = "";
			projectRoot = "";
			targets = (
				7EA478491F40B154000CEDDC /* WunderLINQ */,
				7EA4785D1F40B154000CEDDC /* WunderLINQTests */,
			);
		};
/* End PBXProject section */

/* Begin PBXResourcesBuildPhase section */
		7EA478481F40B154000CEDDC /* Resources */ = {
			isa = PBXResourcesBuildPhase;
			buildActionMask = 2147483647;
			files = (
				7E068BF62102D1A90076EAAD /* GoogleMaps.bundle in Resources */,
				7EA478831F4A7260000CEDDC /* Settings.bundle in Resources */,
				7EA4788A1F537ED5000CEDDC /* Localizable.strings in Resources */,
				7EA478581F40B154000CEDDC /* LaunchScreen.storyboard in Resources */,
				7EA478551F40B154000CEDDC /* Assets.xcassets in Resources */,
				7EA478531F40B154000CEDDC /* Main.storyboard in Resources */,
				7ED2013620D0D0030066BCE6 /* Default-568h@2x.png in Resources */,
			);
			runOnlyForDeploymentPostprocessing = 0;
		};
		7EA4785C1F40B154000CEDDC /* Resources */ = {
			isa = PBXResourcesBuildPhase;
			buildActionMask = 2147483647;
			files = (
			);
			runOnlyForDeploymentPostprocessing = 0;
		};
/* End PBXResourcesBuildPhase section */

/* Begin PBXSourcesBuildPhase section */
		7EA478461F40B154000CEDDC /* Sources */ = {
			isa = PBXSourcesBuildPhase;
			buildActionMask = 2147483647;
			files = (
				7EA478711F40F273000CEDDC /* Device.swift in Sources */,
				7E80BD3D211CFF7300B8CA0D /* LocalisableButton.swift in Sources */,
				7E5E0F78212289140048B9A2 /* AppUtility.swift in Sources */,
				7EA478771F412BAC000CEDDC /* CLLocation+Extension.swift in Sources */,
				7EBFD490210E108100FC9665 /* segueFromLeft.swift in Sources */,
				7EA478501F40B154000CEDDC /* MyMotorcycleViewController.swift in Sources */,
				7EA4788E1F5BA136000CEDDC /* Tasks.swift in Sources */,
				7E80BD3B211CF80600B8CA0D /* LocalisableLabel.swift in Sources */,
				7EC934F22186208A00FD4806 /* AlertViewController.swift in Sources */,
				7EAE9415211E9B3200E24CE9 /* Double+Extensions.swift in Sources */,
				7EA478791F412BE9000CEDDC /* UserDefauts+Extensions.swift in Sources */,
				7EA4784E1F40B154000CEDDC /* AppDelegate.swift in Sources */,
				7E068BC7210190CB0076EAAD /* TripsTableViewController.swift in Sources */,
				7EC8C9BD1F827977000CEDDC /* ContactsTableViewContoller.swift in Sources */,
				7EA478871F4BC775000CEDDC /* Logger.swift in Sources */,
				7E068BF8210645290076EAAD /* TripViewController.swift in Sources */,
				7E5A767A20DDFEF700B48CC6 /* Waypoint.swift in Sources */,
				7E80BD42211D419C00B8CA0D /* WaypointsNavTableViewController.swift in Sources */,
				7EC8C9BF1F830C5B000CEDDC /* PhoneContacts.swift in Sources */,
				7E80BD44211D5A0600B8CA0D /* UIView+ignoresInvertColors.swift in Sources */,
				7E07AE4720F70FD8004F15B9 /* LocationService.swift in Sources */,
				7EA478731F4115F6000CEDDC /* CompassViewController.swift in Sources */,
				7EBFE1F3214C7D6500F2185A /* ScenicAPI.swift in Sources */,
				7E5A767820DDEE7200B48CC6 /* UIViewController+Extensions.swift in Sources */,
				7EBFD48E210ADD0000FC9665 /* String+Extensions.swift in Sources */,
				7E6987DB20F82F1A00B4781D /* MotorcycleData.swift in Sources */,
				7E068BCB2102ACF30076EAAD /* Popover.swift in Sources */,
				7EA478811F44F57C000CEDDC /* MusicViewController.swift in Sources */,
				7EAE9417211EA30900E24CE9 /* Theme.swift in Sources */,
				7EA4787F1F44F54E000CEDDC /* TasksTableViewController.swift in Sources */,
				7E068BC320FD8A100076EAAD /* FaultsTableViewController.swift in Sources */,
				7E6987DD20F8F83500B4781D /* Faults.swift in Sources */,
				7E068BC9210190F00076EAAD /* WaypointsTableViewController.swift in Sources */,
				7E068BCD2102ADD20076EAAD /* WaypointViewController.swift in Sources */,
				7EA478751F412B73000CEDDC /* LocationDelegate.swift in Sources */,
			);
			runOnlyForDeploymentPostprocessing = 0;
		};
		7EA4785A1F40B154000CEDDC /* Sources */ = {
			isa = PBXSourcesBuildPhase;
			buildActionMask = 2147483647;
			files = (
				7EA478631F40B154000CEDDC /* WunderLINQTests.swift in Sources */,
			);
			runOnlyForDeploymentPostprocessing = 0;
		};
/* End PBXSourcesBuildPhase section */

/* Begin PBXTargetDependency section */
		7EA478601F40B154000CEDDC /* PBXTargetDependency */ = {
			isa = PBXTargetDependency;
			target = 7EA478491F40B154000CEDDC /* WunderLINQ */;
			targetProxy = 7EA4785F1F40B154000CEDDC /* PBXContainerItemProxy */;
		};
/* End PBXTargetDependency section */

/* Begin PBXVariantGroup section */
		7EA478511F40B154000CEDDC /* Main.storyboard */ = {
			isa = PBXVariantGroup;
			children = (
				7EA478521F40B154000CEDDC /* Base */,
				7E80BD3E211D2CB100B8CA0D /* de */,
				7EC934F32187BE5100FD4806 /* es-419 */,
				7E31915C219A1BB40031A2E3 /* es */,
			);
			name = Main.storyboard;
			sourceTree = "<group>";
		};
		7EA478561F40B154000CEDDC /* LaunchScreen.storyboard */ = {
			isa = PBXVariantGroup;
			children = (
				7EA478571F40B154000CEDDC /* Base */,
				7E80BD3F211D2CB100B8CA0D /* de */,
				7EC934F42187BE5100FD4806 /* es-419 */,
				7E31915D219A1BB40031A2E3 /* es */,
			);
			name = LaunchScreen.storyboard;
			sourceTree = "<group>";
		};
		7EA478881F537ED5000CEDDC /* Localizable.strings */ = {
			isa = PBXVariantGroup;
			children = (
				7EA478891F537ED5000CEDDC /* Base */,
				7E80BD40211D2CB100B8CA0D /* de */,
				7EC934F52187BE5100FD4806 /* es-419 */,
				7E31915E219A1BB40031A2E3 /* es */,
			);
			name = Localizable.strings;
			sourceTree = "<group>";
		};
/* End PBXVariantGroup section */

/* Begin XCBuildConfiguration section */
		7EA478651F40B154000CEDDC /* Debug */ = {
			isa = XCBuildConfiguration;
			buildSettings = {
				ALWAYS_SEARCH_USER_PATHS = NO;
				CLANG_ANALYZER_LOCALIZABILITY_NONLOCALIZED = YES;
				CLANG_ANALYZER_NONNULL = YES;
				CLANG_ANALYZER_NUMBER_OBJECT_CONVERSION = YES_AGGRESSIVE;
				CLANG_CXX_LANGUAGE_STANDARD = "gnu++0x";
				CLANG_CXX_LIBRARY = "libc++";
				CLANG_ENABLE_MODULES = YES;
				CLANG_ENABLE_OBJC_ARC = YES;
				CLANG_WARN_BLOCK_CAPTURE_AUTORELEASING = YES;
				CLANG_WARN_BOOL_CONVERSION = YES;
				CLANG_WARN_COMMA = YES;
				CLANG_WARN_CONSTANT_CONVERSION = YES;
				CLANG_WARN_DEPRECATED_OBJC_IMPLEMENTATIONS = YES;
				CLANG_WARN_DIRECT_OBJC_ISA_USAGE = YES_ERROR;
				CLANG_WARN_DOCUMENTATION_COMMENTS = YES;
				CLANG_WARN_EMPTY_BODY = YES;
				CLANG_WARN_ENUM_CONVERSION = YES;
				CLANG_WARN_INFINITE_RECURSION = YES;
				CLANG_WARN_INT_CONVERSION = YES;
				CLANG_WARN_NON_LITERAL_NULL_CONVERSION = YES;
				CLANG_WARN_OBJC_IMPLICIT_RETAIN_SELF = YES;
				CLANG_WARN_OBJC_LITERAL_CONVERSION = YES;
				CLANG_WARN_OBJC_ROOT_CLASS = YES_ERROR;
				CLANG_WARN_RANGE_LOOP_ANALYSIS = YES;
				CLANG_WARN_STRICT_PROTOTYPES = YES;
				CLANG_WARN_SUSPICIOUS_MOVE = YES;
				CLANG_WARN_UNREACHABLE_CODE = YES;
				CLANG_WARN__DUPLICATE_METHOD_MATCH = YES;
				"CODE_SIGN_IDENTITY[sdk=iphoneos*]" = "iPhone Developer";
				COPY_PHASE_STRIP = NO;
				DEBUG_INFORMATION_FORMAT = dwarf;
				ENABLE_STRICT_OBJC_MSGSEND = YES;
				ENABLE_TESTABILITY = YES;
				GCC_C_LANGUAGE_STANDARD = gnu99;
				GCC_DYNAMIC_NO_PIC = NO;
				GCC_NO_COMMON_BLOCKS = YES;
				GCC_OPTIMIZATION_LEVEL = 0;
				GCC_PREPROCESSOR_DEFINITIONS = (
					"DEBUG=1",
					"$(inherited)",
				);
				GCC_WARN_64_TO_32_BIT_CONVERSION = YES;
				GCC_WARN_ABOUT_RETURN_TYPE = YES_ERROR;
				GCC_WARN_UNDECLARED_SELECTOR = YES;
				GCC_WARN_UNINITIALIZED_AUTOS = YES_AGGRESSIVE;
				GCC_WARN_UNUSED_FUNCTION = YES;
				GCC_WARN_UNUSED_VARIABLE = YES;
				IPHONEOS_DEPLOYMENT_TARGET = 12.0;
				MTL_ENABLE_DEBUG_INFO = YES;
				ONLY_ACTIVE_ARCH = YES;
				OTHER_LDFLAGS = "-ObjC";
				SDKROOT = iphoneos;
				SWIFT_ACTIVE_COMPILATION_CONDITIONS = DEBUG;
				SWIFT_OPTIMIZATION_LEVEL = "-Onone";
				TARGETED_DEVICE_FAMILY = "1,2";
			};
			name = Debug;
		};
		7EA478661F40B154000CEDDC /* Release */ = {
			isa = XCBuildConfiguration;
			buildSettings = {
				ALWAYS_SEARCH_USER_PATHS = NO;
				CLANG_ANALYZER_LOCALIZABILITY_NONLOCALIZED = YES;
				CLANG_ANALYZER_NONNULL = YES;
				CLANG_ANALYZER_NUMBER_OBJECT_CONVERSION = YES_AGGRESSIVE;
				CLANG_CXX_LANGUAGE_STANDARD = "gnu++0x";
				CLANG_CXX_LIBRARY = "libc++";
				CLANG_ENABLE_MODULES = YES;
				CLANG_ENABLE_OBJC_ARC = YES;
				CLANG_WARN_BLOCK_CAPTURE_AUTORELEASING = YES;
				CLANG_WARN_BOOL_CONVERSION = YES;
				CLANG_WARN_COMMA = YES;
				CLANG_WARN_CONSTANT_CONVERSION = YES;
				CLANG_WARN_DEPRECATED_OBJC_IMPLEMENTATIONS = YES;
				CLANG_WARN_DIRECT_OBJC_ISA_USAGE = YES_ERROR;
				CLANG_WARN_DOCUMENTATION_COMMENTS = YES;
				CLANG_WARN_EMPTY_BODY = YES;
				CLANG_WARN_ENUM_CONVERSION = YES;
				CLANG_WARN_INFINITE_RECURSION = YES;
				CLANG_WARN_INT_CONVERSION = YES;
				CLANG_WARN_NON_LITERAL_NULL_CONVERSION = YES;
				CLANG_WARN_OBJC_IMPLICIT_RETAIN_SELF = YES;
				CLANG_WARN_OBJC_LITERAL_CONVERSION = YES;
				CLANG_WARN_OBJC_ROOT_CLASS = YES_ERROR;
				CLANG_WARN_RANGE_LOOP_ANALYSIS = YES;
				CLANG_WARN_STRICT_PROTOTYPES = YES;
				CLANG_WARN_SUSPICIOUS_MOVE = YES;
				CLANG_WARN_UNREACHABLE_CODE = YES;
				CLANG_WARN__DUPLICATE_METHOD_MATCH = YES;
				"CODE_SIGN_IDENTITY[sdk=iphoneos*]" = "iPhone Developer";
				COPY_PHASE_STRIP = NO;
				DEBUG_INFORMATION_FORMAT = "dwarf-with-dsym";
				ENABLE_NS_ASSERTIONS = NO;
				ENABLE_STRICT_OBJC_MSGSEND = YES;
				GCC_C_LANGUAGE_STANDARD = gnu99;
				GCC_NO_COMMON_BLOCKS = YES;
				GCC_WARN_64_TO_32_BIT_CONVERSION = YES;
				GCC_WARN_ABOUT_RETURN_TYPE = YES_ERROR;
				GCC_WARN_UNDECLARED_SELECTOR = YES;
				GCC_WARN_UNINITIALIZED_AUTOS = YES_AGGRESSIVE;
				GCC_WARN_UNUSED_FUNCTION = YES;
				GCC_WARN_UNUSED_VARIABLE = YES;
				IPHONEOS_DEPLOYMENT_TARGET = 12.0;
				MTL_ENABLE_DEBUG_INFO = NO;
				OTHER_LDFLAGS = "-ObjC";
				SDKROOT = iphoneos;
				SWIFT_COMPILATION_MODE = wholemodule;
				SWIFT_OPTIMIZATION_LEVEL = "-O";
				TARGETED_DEVICE_FAMILY = "1,2";
				VALIDATE_PRODUCT = YES;
			};
			name = Release;
		};
		7EA478681F40B154000CEDDC /* Debug */ = {
			isa = XCBuildConfiguration;
			buildSettings = {
				ASSETCATALOG_COMPILER_APPICON_NAME = AppIcon;
				CLANG_ANALYZER_LOCALIZABILITY_EMPTY_CONTEXT = YES;
				CLANG_ANALYZER_LOCALIZABILITY_NONLOCALIZED = YES;
				CODE_SIGN_IDENTITY = "iPhone Developer";
				CODE_SIGN_STYLE = Automatic;
				DEVELOPMENT_TEAM = 3J48UMN5W2;
				FRAMEWORK_SEARCH_PATHS = (
					"$(inherited)",
					"$(PROJECT_DIR)/WunderLINQ",
				);
				INFOPLIST_FILE = WunderLINQ/Info.plist;
				IPHONEOS_DEPLOYMENT_TARGET = 10.3;
				LD_RUNPATH_SEARCH_PATHS = (
					"$(inherited)",
					"@executable_path/Frameworks",
				);
				PRODUCT_BUNDLE_IDENTIFIER = com.blackboxembedded.wunderlinq;
				PRODUCT_NAME = "$(TARGET_NAME)";
				PROVISIONING_PROFILE_SPECIFIER = "";
				SWIFT_VERSION = 3.0;
			};
			name = Debug;
		};
		7EA478691F40B154000CEDDC /* Release */ = {
			isa = XCBuildConfiguration;
			buildSettings = {
				ASSETCATALOG_COMPILER_APPICON_NAME = AppIcon;
				CLANG_ANALYZER_LOCALIZABILITY_EMPTY_CONTEXT = YES;
				CLANG_ANALYZER_LOCALIZABILITY_NONLOCALIZED = YES;
				CODE_SIGN_IDENTITY = "iPhone Developer";
				CODE_SIGN_STYLE = Automatic;
				DEVELOPMENT_TEAM = 3J48UMN5W2;
				FRAMEWORK_SEARCH_PATHS = (
					"$(inherited)",
					"$(PROJECT_DIR)/WunderLINQ",
				);
				INFOPLIST_FILE = WunderLINQ/Info.plist;
				IPHONEOS_DEPLOYMENT_TARGET = 10.3;
				LD_RUNPATH_SEARCH_PATHS = (
					"$(inherited)",
					"@executable_path/Frameworks",
				);
				PRODUCT_BUNDLE_IDENTIFIER = com.blackboxembedded.wunderlinq;
				PRODUCT_NAME = "$(TARGET_NAME)";
				PROVISIONING_PROFILE_SPECIFIER = "";
				SWIFT_VERSION = 3.0;
			};
			name = Release;
		};
		7EA4786B1F40B154000CEDDC /* Debug */ = {
			isa = XCBuildConfiguration;
			buildSettings = {
				ALWAYS_EMBED_SWIFT_STANDARD_LIBRARIES = YES;
				BUNDLE_LOADER = "$(TEST_HOST)";
				DEVELOPMENT_TEAM = L5697YQ5RS;
				INFOPLIST_FILE = WunderLINQTests/Info.plist;
				LD_RUNPATH_SEARCH_PATHS = (
					"$(inherited)",
					"@executable_path/Frameworks",
					"@loader_path/Frameworks",
				);
				PRODUCT_BUNDLE_IDENTIFIER = com.blackboxembedded.WunderLINQTests;
				PRODUCT_NAME = "$(TARGET_NAME)";
				SWIFT_VERSION = 3.0;
				TEST_HOST = "$(BUILT_PRODUCTS_DIR)/WunderLINQ.app/WunderLINQ";
			};
			name = Debug;
		};
		7EA4786C1F40B154000CEDDC /* Release */ = {
			isa = XCBuildConfiguration;
			buildSettings = {
				ALWAYS_EMBED_SWIFT_STANDARD_LIBRARIES = YES;
				BUNDLE_LOADER = "$(TEST_HOST)";
				DEVELOPMENT_TEAM = L5697YQ5RS;
				INFOPLIST_FILE = WunderLINQTests/Info.plist;
				LD_RUNPATH_SEARCH_PATHS = (
					"$(inherited)",
					"@executable_path/Frameworks",
					"@loader_path/Frameworks",
				);
				PRODUCT_BUNDLE_IDENTIFIER = com.blackboxembedded.WunderLINQTests;
				PRODUCT_NAME = "$(TARGET_NAME)";
				SWIFT_VERSION = 3.0;
				TEST_HOST = "$(BUILT_PRODUCTS_DIR)/WunderLINQ.app/WunderLINQ";
			};
			name = Release;
		};
/* End XCBuildConfiguration section */

/* Begin XCConfigurationList section */
		7EA478451F40B154000CEDDC /* Build configuration list for PBXProject "WunderLINQ" */ = {
			isa = XCConfigurationList;
			buildConfigurations = (
				7EA478651F40B154000CEDDC /* Debug */,
				7EA478661F40B154000CEDDC /* Release */,
			);
			defaultConfigurationIsVisible = 0;
			defaultConfigurationName = Release;
		};
		7EA478671F40B154000CEDDC /* Build configuration list for PBXNativeTarget "WunderLINQ" */ = {
			isa = XCConfigurationList;
			buildConfigurations = (
				7EA478681F40B154000CEDDC /* Debug */,
				7EA478691F40B154000CEDDC /* Release */,
			);
			defaultConfigurationIsVisible = 0;
			defaultConfigurationName = Release;
		};
		7EA4786A1F40B154000CEDDC /* Build configuration list for PBXNativeTarget "WunderLINQTests" */ = {
			isa = XCConfigurationList;
			buildConfigurations = (
				7EA4786B1F40B154000CEDDC /* Debug */,
				7EA4786C1F40B154000CEDDC /* Release */,
			);
			defaultConfigurationIsVisible = 0;
			defaultConfigurationName = Release;
		};
/* End XCConfigurationList section */
	};
	rootObject = 7EA478421F40B154000CEDDC /* Project object */;
}
