// !$*UTF8*$!
{
	archiveVersion = 1;
	classes = {
	};
	objectVersion = 51;
	objects = {

/* Begin PBXBuildFile section */
		482C618362EA74729FE53E2A /* Pods_WunderLINQ.framework in Frameworks */ = {isa = PBXBuildFile; fileRef = DA150AA674E4880933A5281B /* Pods_WunderLINQ.framework */; };
		7E01EDCD28E0D6C500F8A63C /* UINavigationController+Extensions.swift in Sources */ = {isa = PBXBuildFile; fileRef = 7E01EDCC28E0D6C500F8A63C /* UINavigationController+Extensions.swift */; };
		7E068BC320FD8A100076EAAD /* FaultsTableViewController.swift in Sources */ = {isa = PBXBuildFile; fileRef = 7E068BC220FD8A100076EAAD /* FaultsTableViewController.swift */; };
		7E068BC7210190CB0076EAAD /* TripsTableViewController.swift in Sources */ = {isa = PBXBuildFile; fileRef = 7E068BC6210190CB0076EAAD /* TripsTableViewController.swift */; };
		7E068BC9210190F00076EAAD /* WaypointsTableViewController.swift in Sources */ = {isa = PBXBuildFile; fileRef = 7E068BC8210190F00076EAAD /* WaypointsTableViewController.swift */; };
		7E068BCB2102ACF30076EAAD /* Popover.swift in Sources */ = {isa = PBXBuildFile; fileRef = 7E068BCA2102ACF30076EAAD /* Popover.swift */; };
		7E068BCD2102ADD20076EAAD /* WaypointViewController.swift in Sources */ = {isa = PBXBuildFile; fileRef = 7E068BCC2102ADD20076EAAD /* WaypointViewController.swift */; };
		7E068BD12102C6290076EAAD /* GoogleMapsCore.framework in Frameworks */ = {isa = PBXBuildFile; fileRef = 7E068BCE2102C6270076EAAD /* GoogleMapsCore.framework */; };
		7E068BD22102C6290076EAAD /* GoogleMaps.framework in Frameworks */ = {isa = PBXBuildFile; fileRef = 7E068BCF2102C6280076EAAD /* GoogleMaps.framework */; };
		7E068BD32102C6290076EAAD /* GoogleMapsBase.framework in Frameworks */ = {isa = PBXBuildFile; fileRef = 7E068BD02102C6290076EAAD /* GoogleMapsBase.framework */; };
		7E068BD92102C7DE0076EAAD /* Accelerate.framework in Frameworks */ = {isa = PBXBuildFile; fileRef = 7E068BD82102C7DE0076EAAD /* Accelerate.framework */; };
		7E068BE82102C8820076EAAD /* CoreGraphics.framework in Frameworks */ = {isa = PBXBuildFile; fileRef = 7E068BDA2102C8810076EAAD /* CoreGraphics.framework */; };
		7E068BE92102C8820076EAAD /* libz.tbd in Frameworks */ = {isa = PBXBuildFile; fileRef = 7E068BDB2102C8810076EAAD /* libz.tbd */; };
		7E068BEB2102C8820076EAAD /* CoreLocation.framework in Frameworks */ = {isa = PBXBuildFile; fileRef = 7E068BDD2102C8810076EAAD /* CoreLocation.framework */; };
		7E068BEC2102C8820076EAAD /* UIKit.framework in Frameworks */ = {isa = PBXBuildFile; fileRef = 7E068BDE2102C8810076EAAD /* UIKit.framework */; };
		7E068BEE2102C8820076EAAD /* CoreImage.framework in Frameworks */ = {isa = PBXBuildFile; fileRef = 7E068BE02102C8810076EAAD /* CoreImage.framework */; };
		7E068BEF2102C8820076EAAD /* ImageIO.framework in Frameworks */ = {isa = PBXBuildFile; fileRef = 7E068BE12102C8810076EAAD /* ImageIO.framework */; };
		7E068BF02102C8820076EAAD /* SystemConfiguration.framework in Frameworks */ = {isa = PBXBuildFile; fileRef = 7E068BE22102C8810076EAAD /* SystemConfiguration.framework */; };
		7E068BF12102C8820076EAAD /* CoreText.framework in Frameworks */ = {isa = PBXBuildFile; fileRef = 7E068BE32102C8810076EAAD /* CoreText.framework */; };
		7E068BF22102C8820076EAAD /* CoreTelephony.framework in Frameworks */ = {isa = PBXBuildFile; fileRef = 7E068BE42102C8810076EAAD /* CoreTelephony.framework */; };
		7E068BF32102C8820076EAAD /* libc++.tbd in Frameworks */ = {isa = PBXBuildFile; fileRef = 7E068BE52102C8820076EAAD /* libc++.tbd */; };
		7E068BF42102C8820076EAAD /* CoreData.framework in Frameworks */ = {isa = PBXBuildFile; fileRef = 7E068BE62102C8820076EAAD /* CoreData.framework */; };
		7E068BF52102C8820076EAAD /* QuartzCore.framework in Frameworks */ = {isa = PBXBuildFile; fileRef = 7E068BE72102C8820076EAAD /* QuartzCore.framework */; };
		7E068BF62102D1A90076EAAD /* GoogleMaps.bundle in Resources */ = {isa = PBXBuildFile; fileRef = 7E068BD62102C6DB0076EAAD /* GoogleMaps.bundle */; };
		7E068BF8210645290076EAAD /* TripViewController.swift in Sources */ = {isa = PBXBuildFile; fileRef = 7E068BF7210645290076EAAD /* TripViewController.swift */; };
		7E14EFBD221B5FB7009F37A3 /* GeoDataViewController.swift in Sources */ = {isa = PBXBuildFile; fileRef = 7E14EFBC221B5FB7009F37A3 /* GeoDataViewController.swift */; };
		7E25396321CD94A30008D34E /* BLE.swift in Sources */ = {isa = PBXBuildFile; fileRef = 7E25396221CD94A30008D34E /* BLE.swift */; };
		7E2EC06424991CE200B0A59B /* NavigationControllerWithTraitOverride.swift in Sources */ = {isa = PBXBuildFile; fileRef = 7E2EC06324991CE200B0A59B /* NavigationControllerWithTraitOverride.swift */; };
		7E35A59322DC265800E4AE40 /* Utility.swift in Sources */ = {isa = PBXBuildFile; fileRef = 7E35A59222DC265800E4AE40 /* Utility.swift */; };
		7E4669F72518647C00E7E291 /* NavAppHelper.swift in Sources */ = {isa = PBXBuildFile; fileRef = 7E4669F62518647C00E7E291 /* NavAppHelper.swift */; };
		7E4D76E321DDAEC100825175 /* InfoPlist.strings in Resources */ = {isa = PBXBuildFile; fileRef = 7E4D76E521DDAEC100825175 /* InfoPlist.strings */; };
		7E5A767A20DDFEF700B48CC6 /* Waypoint.swift in Sources */ = {isa = PBXBuildFile; fileRef = 7E5A767920DDFEF700B48CC6 /* Waypoint.swift */; };
		7E5E0F78212289140048B9A2 /* AppUtility.swift in Sources */ = {isa = PBXBuildFile; fileRef = 7E5E0F77212289140048B9A2 /* AppUtility.swift */; };
		7E620A0D26278E4900F6E23B /* AppSettingsViewController.swift in Sources */ = {isa = PBXBuildFile; fileRef = 7E620A0C26278E4900F6E23B /* AppSettingsViewController.swift */; };
		7E62BB6D21FE3DBF00FDB10E /* MainCollectionViewController.swift in Sources */ = {isa = PBXBuildFile; fileRef = 7E62BB6C21FE3DBF00FDB10E /* MainCollectionViewController.swift */; };
		7E62BB6F21FE3DEB00FDB10E /* MainCollectionViewCell.swift in Sources */ = {isa = PBXBuildFile; fileRef = 7E62BB6E21FE3DEB00FDB10E /* MainCollectionViewCell.swift */; };
		7E62BB7121FE443200FDB10E /* ColumnFlowLayout.swift in Sources */ = {isa = PBXBuildFile; fileRef = 7E62BB7021FE443200FDB10E /* ColumnFlowLayout.swift */; };
		7E6987DD20F8F83500B4781D /* Faults.swift in Sources */ = {isa = PBXBuildFile; fileRef = 7E6987DC20F8F83500B4781D /* Faults.swift */; };
		7E6E0A6824FC022200149387 /* ColorPickerViewController.swift in Sources */ = {isa = PBXBuildFile; fileRef = 7E6E0A6724FC022200149387 /* ColorPickerViewController.swift */; };
		7E755C12260A787100B29507 /* sport-dashboard.svg in Resources */ = {isa = PBXBuildFile; fileRef = 7E755C10260A787100B29507 /* sport-dashboard.svg */; };
		7E755C13260A787100B29507 /* standard-dashboard.svg in Resources */ = {isa = PBXBuildFile; fileRef = 7E755C11260A787100B29507 /* standard-dashboard.svg */; };
		7E755C18260AA78900B29507 /* StandardDashboard.swift in Sources */ = {isa = PBXBuildFile; fileRef = 7E755C17260AA78900B29507 /* StandardDashboard.swift */; };
		7E755C1E260AA80700B29507 /* SportDashboard.swift in Sources */ = {isa = PBXBuildFile; fileRef = 7E755C1D260AA80700B29507 /* SportDashboard.swift */; };
		7E75E2DB26D2E6210077CA5A /* VolumeViewController.swift in Sources */ = {isa = PBXBuildFile; fileRef = 7E75E2DA26D2E6210077CA5A /* VolumeViewController.swift */; };
		7E7C53CD21F3BA9200C98010 /* ContactsTableViewCell.swift in Sources */ = {isa = PBXBuildFile; fileRef = 7E7C53CC21F3BA9200C98010 /* ContactsTableViewCell.swift */; };
		7E7DE00928986B1B0009663C /* ZoomAndSnapFlowLayout.swift in Sources */ = {isa = PBXBuildFile; fileRef = 7E7DE00828986B1B0009663C /* ZoomAndSnapFlowLayout.swift */; };
		7E80BD3B211CF80600B8CA0D /* LocalisableLabel.swift in Sources */ = {isa = PBXBuildFile; fileRef = 7E80BD3A211CF80600B8CA0D /* LocalisableLabel.swift */; };
		7E80BD3D211CFF7300B8CA0D /* LocalisableButton.swift in Sources */ = {isa = PBXBuildFile; fileRef = 7E80BD3C211CFF7300B8CA0D /* LocalisableButton.swift */; };
		7E80BD42211D419C00B8CA0D /* WaypointsNavTableViewController.swift in Sources */ = {isa = PBXBuildFile; fileRef = 7E80BD41211D419C00B8CA0D /* WaypointsNavTableViewController.swift */; };
		7E8AD3D926141BA10089F590 /* ADVDashboard.swift in Sources */ = {isa = PBXBuildFile; fileRef = 7E8AD3D826141BA10089F590 /* ADVDashboard.swift */; };
		7E8AD3DD26141E150089F590 /* adv-dashboard.svg in Resources */ = {isa = PBXBuildFile; fileRef = 7E8AD3DC26141E150089F590 /* adv-dashboard.svg */; };
		7E916DDC230CF10D00011E5F /* NSLocalizedString.swift in Sources */ = {isa = PBXBuildFile; fileRef = 7E916DDB230CF10D00011E5F /* NSLocalizedString.swift */; };
		7E9346B328E0A67F009E13C0 /* UserDefauts+Extensions.swift in Sources */ = {isa = PBXBuildFile; fileRef = 7E9346B028E0A67F009E13C0 /* UserDefauts+Extensions.swift */; };
		7E9346B428E0A67F009E13C0 /* UIView+ignoresInvertColors.swift in Sources */ = {isa = PBXBuildFile; fileRef = 7E9346B128E0A67F009E13C0 /* UIView+ignoresInvertColors.swift */; };
		7E9346B528E0A67F009E13C0 /* UIViewController+Extensions.swift in Sources */ = {isa = PBXBuildFile; fileRef = 7E9346B228E0A67F009E13C0 /* UIViewController+Extensions.swift */; };
		7E9346B728E0A6B2009E13C0 /* MotorcycleData.swift in Sources */ = {isa = PBXBuildFile; fileRef = 7E9346B628E0A6B2009E13C0 /* MotorcycleData.swift */; };
		7E9516C2238A367000ED25F2 /* SpotifyiOS.framework in Frameworks */ = {isa = PBXBuildFile; fileRef = 7E9516C1238A367000ED25F2 /* SpotifyiOS.framework */; };
		7E96D79221E78B7B00C6AB5F /* Security.framework in Frameworks */ = {isa = PBXBuildFile; fileRef = 7E96D79121E78B7B00C6AB5F /* Security.framework */; };
		7E9DDA9B278DE8A2006C6D12 /* WLQ.swift in Sources */ = {isa = PBXBuildFile; fileRef = 7E9DDA9A278DE8A2006C6D12 /* WLQ.swift */; };
		7E9DDA9F278DFFD4006C6D12 /* WLQ_N.swift in Sources */ = {isa = PBXBuildFile; fileRef = 7E9DDA9E278DFFD4006C6D12 /* WLQ_N.swift */; };
		7E9DDAA1278E2403006C6D12 /* WLQ_C.swift in Sources */ = {isa = PBXBuildFile; fileRef = 7E9DDAA0278E2403006C6D12 /* WLQ_C.swift */; };
		7EA4784E1F40B154000CEDDC /* AppDelegate.swift in Sources */ = {isa = PBXBuildFile; fileRef = 7EA4784D1F40B154000CEDDC /* AppDelegate.swift */; };
		7EA478551F40B154000CEDDC /* Assets.xcassets in Resources */ = {isa = PBXBuildFile; fileRef = 7EA478541F40B154000CEDDC /* Assets.xcassets */; };
		7EA478581F40B154000CEDDC /* LaunchScreen.storyboard in Resources */ = {isa = PBXBuildFile; fileRef = 7EA478561F40B154000CEDDC /* LaunchScreen.storyboard */; };
		7EA478631F40B154000CEDDC /* WunderLINQTests.swift in Sources */ = {isa = PBXBuildFile; fileRef = 7EA478621F40B154000CEDDC /* WunderLINQTests.swift */; };
		7EA478711F40F273000CEDDC /* Device.swift in Sources */ = {isa = PBXBuildFile; fileRef = 7EA478701F40F273000CEDDC /* Device.swift */; };
		7EA478751F412B73000CEDDC /* LocationDelegate.swift in Sources */ = {isa = PBXBuildFile; fileRef = 7EA478741F412B73000CEDDC /* LocationDelegate.swift */; };
		7EA478771F412BAC000CEDDC /* CLLocation+Extension.swift in Sources */ = {isa = PBXBuildFile; fileRef = 7EA478761F412BAC000CEDDC /* CLLocation+Extension.swift */; };
		7EA478811F44F57C000CEDDC /* MusicViewController.swift in Sources */ = {isa = PBXBuildFile; fileRef = 7EA478801F44F57C000CEDDC /* MusicViewController.swift */; };
		7EA478831F4A7260000CEDDC /* InAppSettings.bundle in Resources */ = {isa = PBXBuildFile; fileRef = 7EA478821F4A7260000CEDDC /* InAppSettings.bundle */; };
		7EA478871F4BC775000CEDDC /* Logger.swift in Sources */ = {isa = PBXBuildFile; fileRef = 7EA478861F4BC775000CEDDC /* Logger.swift */; };
		7EA4788A1F537ED5000CEDDC /* Localizable.strings in Resources */ = {isa = PBXBuildFile; fileRef = 7EA478881F537ED5000CEDDC /* Localizable.strings */; };
		7EA4788E1F5BA136000CEDDC /* Tasks.swift in Sources */ = {isa = PBXBuildFile; fileRef = 7EA4788D1F5BA136000CEDDC /* Tasks.swift */; };
		7EA4BCC721B8C9150084F6EA /* TasksCollectionViewController.swift in Sources */ = {isa = PBXBuildFile; fileRef = 7EA4BCC621B8C9150084F6EA /* TasksCollectionViewController.swift */; };
		7EA4BCC921B8CB270084F6EA /* TaskCollectionViewCell.swift in Sources */ = {isa = PBXBuildFile; fileRef = 7EA4BCC821B8CB270084F6EA /* TaskCollectionViewCell.swift */; };
		7EAE9415211E9B3200E24CE9 /* Double+Extensions.swift in Sources */ = {isa = PBXBuildFile; fileRef = 7EAE9414211E9B3200E24CE9 /* Double+Extensions.swift */; };
		7EAE9417211EA30900E24CE9 /* Theme.swift in Sources */ = {isa = PBXBuildFile; fileRef = 7EAE9416211EA30900E24CE9 /* Theme.swift */; };
		7EAF646822FE17D000B11550 /* BikeInfoViewController.swift in Sources */ = {isa = PBXBuildFile; fileRef = 7EAF646722FE17D000B11550 /* BikeInfoViewController.swift */; };
		7EAF646A22FE261D00B11550 /* WeatherMapViewController.swift in Sources */ = {isa = PBXBuildFile; fileRef = 7EAF646922FE261D00B11550 /* WeatherMapViewController.swift */; };
		7EB5ED7D251FE8FA00B61160 /* DashViewController.swift in Sources */ = {isa = PBXBuildFile; fileRef = 7EB5ED7C251FE8FA00B61160 /* DashViewController.swift */; };
		7EB5EDD725211BCF00B61160 /* agencyfb.ttf in Resources */ = {isa = PBXBuildFile; fileRef = 7EB5EDD625211BCF00B61160 /* agencyfb.ttf */; };
		7EB5EDE4252136F800B61160 /* Main.storyboard in Resources */ = {isa = PBXBuildFile; fileRef = 7EB5EDE2252136F800B61160 /* Main.storyboard */; };
		7EB5EE122523C57100B61160 /* XML.swift in Sources */ = {isa = PBXBuildFile; fileRef = 7EB5EE112523C57100B61160 /* XML.swift */; };
		7EB80AB52790E47F00D3A051 /* LINbus.swift in Sources */ = {isa = PBXBuildFile; fileRef = 7EB80AB42790E47F00D3A051 /* LINbus.swift */; };
		7EB80AB72790E49400D3A051 /* CANbus.swift in Sources */ = {isa = PBXBuildFile; fileRef = 7EB80AB62790E49400D3A051 /* CANbus.swift */; };
		7EB8B99E245CA7A6007232D2 /* Secrets.swift in Sources */ = {isa = PBXBuildFile; fileRef = 7EB8B99D245CA7A6007232D2 /* Secrets.swift */; };
		7EBC8A9E23B19C0B001FE70B /* AddWaypointViewController.swift in Sources */ = {isa = PBXBuildFile; fileRef = 7EBC8A9D23B19C0B001FE70B /* AddWaypointViewController.swift */; };
		7EBFD48E210ADD0000FC9665 /* String+Extensions.swift in Sources */ = {isa = PBXBuildFile; fileRef = 7EBFD48D210ADD0000FC9665 /* String+Extensions.swift */; };
		7EBFD490210E108100FC9665 /* segueFromLeft.swift in Sources */ = {isa = PBXBuildFile; fileRef = 7EBFD48F210E108100FC9665 /* segueFromLeft.swift */; };
		7EBFE1F3214C7D6500F2185A /* ScenicAPI.swift in Sources */ = {isa = PBXBuildFile; fileRef = 7EBFE1F2214C7D6500F2185A /* ScenicAPI.swift */; };
		7EC63202219BCE05002E68FF /* AboutViewController.swift in Sources */ = {isa = PBXBuildFile; fileRef = 7EC63201219BCE05002E68FF /* AboutViewController.swift */; };
		7EC8C9BD1F827977000CEDDC /* ContactsTableViewContoller.swift in Sources */ = {isa = PBXBuildFile; fileRef = 7EC8C9BC1F827977000CEDDC /* ContactsTableViewContoller.swift */; };
		7EC8C9BF1F830C5B000CEDDC /* PhoneContacts.swift in Sources */ = {isa = PBXBuildFile; fileRef = 7EC8C9BE1F830C5B000CEDDC /* PhoneContacts.swift */; };
		7EC934F22186208A00FD4806 /* AlertViewController.swift in Sources */ = {isa = PBXBuildFile; fileRef = 7EC934F12186208A00FD4806 /* AlertViewController.swift */; };
		7ED2013620D0D0030066BCE6 /* Default-568h@2x.png in Resources */ = {isa = PBXBuildFile; fileRef = 7ED2013520D0D0030066BCE6 /* Default-568h@2x.png */; };
		7EE583622905A88700AF6A87 /* AccessoryViewController.swift in Sources */ = {isa = PBXBuildFile; fileRef = 7EE583612905A88600AF6A87 /* AccessoryViewController.swift */; };
		7EF0775B258D796F009A6BAA /* HWSettingsViewController.swift in Sources */ = {isa = PBXBuildFile; fileRef = 7EF0775A258D796F009A6BAA /* HWSettingsViewController.swift */; };
		7EF07768258E653E009A6BAA /* HWSettingsTableViewCell.swift in Sources */ = {isa = PBXBuildFile; fileRef = 7EF07767258E653E009A6BAA /* HWSettingsTableViewCell.swift */; };
		7EF0776C258FBDEF009A6BAA /* KeyboardHID.swift in Sources */ = {isa = PBXBuildFile; fileRef = 7EF0776B258FBDEF009A6BAA /* KeyboardHID.swift */; };
		7EF07772258FF762009A6BAA /* HWSettingsActionViewController.swift in Sources */ = {isa = PBXBuildFile; fileRef = 7EF07771258FF762009A6BAA /* HWSettingsActionViewController.swift */; };
		7EF9B5A022FCB14D009D8D17 /* Solar.swift in Sources */ = {isa = PBXBuildFile; fileRef = 7EF9B59F22FCB14D009D8D17 /* Solar.swift */; };
		7EFA9908240DFDE700E65078 /* FirstRunViewController.swift in Sources */ = {isa = PBXBuildFile; fileRef = 7EFA9907240DFDE700E65078 /* FirstRunViewController.swift */; };
		B98CA75D252E6C6B00530075 /* UIStoryboard+extensions.swift in Sources */ = {isa = PBXBuildFile; fileRef = B98CA75C252E6C6B00530075 /* UIStoryboard+extensions.swift */; };
		B98CA762252E6F5500530075 /* String+Localizable.swift in Sources */ = {isa = PBXBuildFile; fileRef = B98CA761252E6F5500530075 /* String+Localizable.swift */; };
/* End PBXBuildFile section */

/* Begin PBXContainerItemProxy section */
		7EA4785F1F40B154000CEDDC /* PBXContainerItemProxy */ = {
			isa = PBXContainerItemProxy;
			containerPortal = 7EA478421F40B154000CEDDC /* Project object */;
			proxyType = 1;
			remoteGlobalIDString = 7EA478491F40B154000CEDDC;
			remoteInfo = WunderLINQ;
		};
/* End PBXContainerItemProxy section */

/* Begin PBXFileReference section */
		4E2D3628243A0841E630E538 /* Pods-WunderLINQ.debug.xcconfig */ = {isa = PBXFileReference; includeInIndex = 1; lastKnownFileType = text.xcconfig; name = "Pods-WunderLINQ.debug.xcconfig"; path = "Target Support Files/Pods-WunderLINQ/Pods-WunderLINQ.debug.xcconfig"; sourceTree = "<group>"; };
		5B6A75C94A76FEE610EF7F86 /* Pods-WunderLINQ.release.xcconfig */ = {isa = PBXFileReference; includeInIndex = 1; lastKnownFileType = text.xcconfig; name = "Pods-WunderLINQ.release.xcconfig"; path = "Target Support Files/Pods-WunderLINQ/Pods-WunderLINQ.release.xcconfig"; sourceTree = "<group>"; };
		7E01EDCC28E0D6C500F8A63C /* UINavigationController+Extensions.swift */ = {isa = PBXFileReference; fileEncoding = 4; lastKnownFileType = sourcecode.swift; path = "UINavigationController+Extensions.swift"; sourceTree = "<group>"; };
		7E068BC220FD8A100076EAAD /* FaultsTableViewController.swift */ = {isa = PBXFileReference; lastKnownFileType = sourcecode.swift; path = FaultsTableViewController.swift; sourceTree = "<group>"; };
		7E068BC6210190CB0076EAAD /* TripsTableViewController.swift */ = {isa = PBXFileReference; lastKnownFileType = sourcecode.swift; path = TripsTableViewController.swift; sourceTree = "<group>"; };
		7E068BC8210190F00076EAAD /* WaypointsTableViewController.swift */ = {isa = PBXFileReference; lastKnownFileType = sourcecode.swift; path = WaypointsTableViewController.swift; sourceTree = "<group>"; };
		7E068BCA2102ACF30076EAAD /* Popover.swift */ = {isa = PBXFileReference; fileEncoding = 4; lastKnownFileType = sourcecode.swift; path = Popover.swift; sourceTree = "<group>"; };
		7E068BCC2102ADD20076EAAD /* WaypointViewController.swift */ = {isa = PBXFileReference; lastKnownFileType = sourcecode.swift; path = WaypointViewController.swift; sourceTree = "<group>"; };
		7E068BCE2102C6270076EAAD /* GoogleMapsCore.framework */ = {isa = PBXFileReference; lastKnownFileType = wrapper.framework; path = GoogleMapsCore.framework; sourceTree = "<group>"; };
		7E068BCF2102C6280076EAAD /* GoogleMaps.framework */ = {isa = PBXFileReference; lastKnownFileType = wrapper.framework; path = GoogleMaps.framework; sourceTree = "<group>"; };
		7E068BD02102C6290076EAAD /* GoogleMapsBase.framework */ = {isa = PBXFileReference; lastKnownFileType = wrapper.framework; path = GoogleMapsBase.framework; sourceTree = "<group>"; };
		7E068BD62102C6DB0076EAAD /* GoogleMaps.bundle */ = {isa = PBXFileReference; lastKnownFileType = "wrapper.plug-in"; path = GoogleMaps.bundle; sourceTree = "<group>"; };
		7E068BD82102C7DE0076EAAD /* Accelerate.framework */ = {isa = PBXFileReference; lastKnownFileType = wrapper.framework; name = Accelerate.framework; path = System/Library/Frameworks/Accelerate.framework; sourceTree = SDKROOT; };
		7E068BDA2102C8810076EAAD /* CoreGraphics.framework */ = {isa = PBXFileReference; lastKnownFileType = wrapper.framework; name = CoreGraphics.framework; path = System/Library/Frameworks/CoreGraphics.framework; sourceTree = SDKROOT; };
		7E068BDB2102C8810076EAAD /* libz.tbd */ = {isa = PBXFileReference; lastKnownFileType = "sourcecode.text-based-dylib-definition"; name = libz.tbd; path = usr/lib/libz.tbd; sourceTree = SDKROOT; };
		7E068BDC2102C8810076EAAD /* OpenGLES.framework */ = {isa = PBXFileReference; lastKnownFileType = wrapper.framework; name = OpenGLES.framework; path = System/Library/Frameworks/OpenGLES.framework; sourceTree = SDKROOT; };
		7E068BDD2102C8810076EAAD /* CoreLocation.framework */ = {isa = PBXFileReference; lastKnownFileType = wrapper.framework; name = CoreLocation.framework; path = System/Library/Frameworks/CoreLocation.framework; sourceTree = SDKROOT; };
		7E068BDE2102C8810076EAAD /* UIKit.framework */ = {isa = PBXFileReference; lastKnownFileType = wrapper.framework; name = UIKit.framework; path = System/Library/Frameworks/UIKit.framework; sourceTree = SDKROOT; };
		7E068BDF2102C8810076EAAD /* GLKit.framework */ = {isa = PBXFileReference; lastKnownFileType = wrapper.framework; name = GLKit.framework; path = System/Library/Frameworks/GLKit.framework; sourceTree = SDKROOT; };
		7E068BE02102C8810076EAAD /* CoreImage.framework */ = {isa = PBXFileReference; lastKnownFileType = wrapper.framework; name = CoreImage.framework; path = System/Library/Frameworks/CoreImage.framework; sourceTree = SDKROOT; };
		7E068BE12102C8810076EAAD /* ImageIO.framework */ = {isa = PBXFileReference; lastKnownFileType = wrapper.framework; name = ImageIO.framework; path = System/Library/Frameworks/ImageIO.framework; sourceTree = SDKROOT; };
		7E068BE22102C8810076EAAD /* SystemConfiguration.framework */ = {isa = PBXFileReference; lastKnownFileType = wrapper.framework; name = SystemConfiguration.framework; path = System/Library/Frameworks/SystemConfiguration.framework; sourceTree = SDKROOT; };
		7E068BE32102C8810076EAAD /* CoreText.framework */ = {isa = PBXFileReference; lastKnownFileType = wrapper.framework; name = CoreText.framework; path = System/Library/Frameworks/CoreText.framework; sourceTree = SDKROOT; };
		7E068BE42102C8810076EAAD /* CoreTelephony.framework */ = {isa = PBXFileReference; lastKnownFileType = wrapper.framework; name = CoreTelephony.framework; path = System/Library/Frameworks/CoreTelephony.framework; sourceTree = SDKROOT; };
		7E068BE52102C8820076EAAD /* libc++.tbd */ = {isa = PBXFileReference; lastKnownFileType = "sourcecode.text-based-dylib-definition"; name = "libc++.tbd"; path = "usr/lib/libc++.tbd"; sourceTree = SDKROOT; };
		7E068BE62102C8820076EAAD /* CoreData.framework */ = {isa = PBXFileReference; lastKnownFileType = wrapper.framework; name = CoreData.framework; path = System/Library/Frameworks/CoreData.framework; sourceTree = SDKROOT; };
		7E068BE72102C8820076EAAD /* QuartzCore.framework */ = {isa = PBXFileReference; lastKnownFileType = wrapper.framework; name = QuartzCore.framework; path = System/Library/Frameworks/QuartzCore.framework; sourceTree = SDKROOT; };
		7E068BF7210645290076EAAD /* TripViewController.swift */ = {isa = PBXFileReference; lastKnownFileType = sourcecode.swift; path = TripViewController.swift; sourceTree = "<group>"; };
		7E14EFBC221B5FB7009F37A3 /* GeoDataViewController.swift */ = {isa = PBXFileReference; lastKnownFileType = sourcecode.swift; path = GeoDataViewController.swift; sourceTree = "<group>"; };
		7E25396221CD94A30008D34E /* BLE.swift */ = {isa = PBXFileReference; lastKnownFileType = sourcecode.swift; path = BLE.swift; sourceTree = "<group>"; };
		7E2EC06324991CE200B0A59B /* NavigationControllerWithTraitOverride.swift */ = {isa = PBXFileReference; lastKnownFileType = sourcecode.swift; path = NavigationControllerWithTraitOverride.swift; sourceTree = "<group>"; };
		7E31915D219A1BB40031A2E3 /* es */ = {isa = PBXFileReference; lastKnownFileType = text.plist.strings; name = es; path = es.lproj/LaunchScreen.strings; sourceTree = "<group>"; };
		7E31915E219A1BB40031A2E3 /* es */ = {isa = PBXFileReference; lastKnownFileType = text.plist.strings; name = es; path = WunderLINQ/es.lproj/Localizable.strings; sourceTree = "<group>"; };
		7E35A59222DC265800E4AE40 /* Utility.swift */ = {isa = PBXFileReference; lastKnownFileType = sourcecode.swift; path = Utility.swift; sourceTree = "<group>"; };
		7E4669F62518647C00E7E291 /* NavAppHelper.swift */ = {isa = PBXFileReference; lastKnownFileType = sourcecode.swift; path = NavAppHelper.swift; sourceTree = "<group>"; };
		7E4D76E421DDAEC100825175 /* sl */ = {isa = PBXFileReference; fileEncoding = 4; lastKnownFileType = text.plist.strings; name = sl; path = sl.lproj/InfoPlist.strings; sourceTree = "<group>"; };
		7E52E9B021A38D89008082FE /* cs */ = {isa = PBXFileReference; lastKnownFileType = text.plist.strings; name = cs; path = cs.lproj/LaunchScreen.strings; sourceTree = "<group>"; };
		7E52E9B121A38D89008082FE /* cs */ = {isa = PBXFileReference; lastKnownFileType = text.plist.strings; name = cs; path = WunderLINQ/cs.lproj/Localizable.strings; sourceTree = "<group>"; };
		7E586D3E22B68E6E00FB2E4C /* hu */ = {isa = PBXFileReference; lastKnownFileType = text.plist.strings; name = hu; path = hu.lproj/LaunchScreen.strings; sourceTree = "<group>"; };
		7E586D3F22B68E6E00FB2E4C /* hu */ = {isa = PBXFileReference; lastKnownFileType = text.plist.strings; name = hu; path = WunderLINQ/hu.lproj/Localizable.strings; sourceTree = "<group>"; };
		7E586D4022B68E6E00FB2E4C /* hu */ = {isa = PBXFileReference; fileEncoding = 4; lastKnownFileType = text.plist.strings; name = hu; path = hu.lproj/InfoPlist.strings; sourceTree = "<group>"; };
		7E5A767920DDFEF700B48CC6 /* Waypoint.swift */ = {isa = PBXFileReference; lastKnownFileType = sourcecode.swift; path = Waypoint.swift; sourceTree = "<group>"; };
		7E5D59F824FBFA3E005E5017 /* InAppSettingsKit.framework */ = {isa = PBXFileReference; explicitFileType = wrapper.framework; path = InAppSettingsKit.framework; sourceTree = BUILT_PRODUCTS_DIR; };
		7E5E0F77212289140048B9A2 /* AppUtility.swift */ = {isa = PBXFileReference; lastKnownFileType = sourcecode.swift; path = AppUtility.swift; sourceTree = "<group>"; };
		7E620A0C26278E4900F6E23B /* AppSettingsViewController.swift */ = {isa = PBXFileReference; lastKnownFileType = sourcecode.swift; path = AppSettingsViewController.swift; sourceTree = "<group>"; };
		7E62BB6C21FE3DBF00FDB10E /* MainCollectionViewController.swift */ = {isa = PBXFileReference; lastKnownFileType = sourcecode.swift; path = MainCollectionViewController.swift; sourceTree = "<group>"; };
		7E62BB6E21FE3DEB00FDB10E /* MainCollectionViewCell.swift */ = {isa = PBXFileReference; lastKnownFileType = sourcecode.swift; path = MainCollectionViewCell.swift; sourceTree = "<group>"; };
		7E62BB7021FE443200FDB10E /* ColumnFlowLayout.swift */ = {isa = PBXFileReference; lastKnownFileType = sourcecode.swift; path = ColumnFlowLayout.swift; sourceTree = "<group>"; };
		7E6987DC20F8F83500B4781D /* Faults.swift */ = {isa = PBXFileReference; lastKnownFileType = sourcecode.swift; path = Faults.swift; sourceTree = "<group>"; };
		7E6DA9032648BE08001073E2 /* fr */ = {isa = PBXFileReference; lastKnownFileType = text.plist.strings; name = fr; path = WunderLINQ/fr.lproj/Localizable.strings; sourceTree = "<group>"; };
		7E6DA9072648BE33001073E2 /* fr */ = {isa = PBXFileReference; lastKnownFileType = text.plist.strings; name = fr; path = fr.lproj/InfoPlist.strings; sourceTree = "<group>"; };
		7E6DA9082648BE5E001073E2 /* pl */ = {isa = PBXFileReference; lastKnownFileType = text.plist.strings; name = pl; path = pl.lproj/InfoPlist.strings; sourceTree = "<group>"; };
		7E6DA9092648BE79001073E2 /* pl */ = {isa = PBXFileReference; lastKnownFileType = text.plist.strings; name = pl; path = WunderLINQ/pl.lproj/Localizable.strings; sourceTree = "<group>"; };
		7E6DA90A2648BF7F001073E2 /* Base */ = {isa = PBXFileReference; lastKnownFileType = text.plist.strings; name = Base; path = Base.lproj/InfoPlist.strings; sourceTree = "<group>"; };
		7E6DA90B2648C008001073E2 /* nl */ = {isa = PBXFileReference; lastKnownFileType = text.plist.strings; name = nl; path = WunderLINQ/nl.lproj/Localizable.strings; sourceTree = "<group>"; };
		7E6DA90C2648C01A001073E2 /* nl */ = {isa = PBXFileReference; lastKnownFileType = text.plist.strings; name = nl; path = nl.lproj/InfoPlist.strings; sourceTree = "<group>"; };
		7E6E0A6724FC022200149387 /* ColorPickerViewController.swift */ = {isa = PBXFileReference; lastKnownFileType = sourcecode.swift; path = ColorPickerViewController.swift; sourceTree = "<group>"; };
		7E70D8F721A5FD2B0016CD74 /* el */ = {isa = PBXFileReference; lastKnownFileType = text.plist.strings; name = el; path = el.lproj/LaunchScreen.strings; sourceTree = "<group>"; };
		7E70D8F821A5FD2B0016CD74 /* el */ = {isa = PBXFileReference; lastKnownFileType = text.plist.strings; name = el; path = WunderLINQ/el.lproj/Localizable.strings; sourceTree = "<group>"; };
		7E7440982308F24A001FDE20 /* af */ = {isa = PBXFileReference; lastKnownFileType = text.plist.strings; name = af; path = af.lproj/LaunchScreen.strings; sourceTree = "<group>"; };
		7E7440992308F24F001FDE20 /* af */ = {isa = PBXFileReference; lastKnownFileType = text.plist.strings; name = af; path = af.lproj/InfoPlist.strings; sourceTree = "<group>"; };
		7E74409A2308F2F1001FDE20 /* af */ = {isa = PBXFileReference; lastKnownFileType = text.plist.strings; name = af; path = WunderLINQ/af.lproj/Localizable.strings; sourceTree = "<group>"; };
		7E755C10260A787100B29507 /* sport-dashboard.svg */ = {isa = PBXFileReference; fileEncoding = 4; lastKnownFileType = text.xml; path = "sport-dashboard.svg"; sourceTree = "<group>"; };
		7E755C11260A787100B29507 /* standard-dashboard.svg */ = {isa = PBXFileReference; fileEncoding = 4; lastKnownFileType = text.xml; path = "standard-dashboard.svg"; sourceTree = "<group>"; };
		7E755C17260AA78900B29507 /* StandardDashboard.swift */ = {isa = PBXFileReference; lastKnownFileType = sourcecode.swift; path = StandardDashboard.swift; sourceTree = "<group>"; };
		7E755C1D260AA80700B29507 /* SportDashboard.swift */ = {isa = PBXFileReference; lastKnownFileType = sourcecode.swift; path = SportDashboard.swift; sourceTree = "<group>"; };
		7E75E2DA26D2E6210077CA5A /* VolumeViewController.swift */ = {isa = PBXFileReference; lastKnownFileType = sourcecode.swift; path = VolumeViewController.swift; sourceTree = "<group>"; };
		7E78DB2C23006FCF009742DF /* de */ = {isa = PBXFileReference; fileEncoding = 4; lastKnownFileType = text.plist.strings; name = de; path = de.lproj/InfoPlist.strings; sourceTree = "<group>"; };
		7E78DB2D23006FD1009742DF /* es-419 */ = {isa = PBXFileReference; fileEncoding = 4; lastKnownFileType = text.plist.strings; name = "es-419"; path = "es-419.lproj/InfoPlist.strings"; sourceTree = "<group>"; };
		7E78DB2F23006FD7009742DF /* cs */ = {isa = PBXFileReference; fileEncoding = 4; lastKnownFileType = text.plist.strings; name = cs; path = cs.lproj/InfoPlist.strings; sourceTree = "<group>"; };
		7E78DB3023006FD9009742DF /* el */ = {isa = PBXFileReference; fileEncoding = 4; lastKnownFileType = text.plist.strings; name = el; path = el.lproj/InfoPlist.strings; sourceTree = "<group>"; };
		7E7C53CC21F3BA9200C98010 /* ContactsTableViewCell.swift */ = {isa = PBXFileReference; lastKnownFileType = sourcecode.swift; path = ContactsTableViewCell.swift; sourceTree = "<group>"; };
		7E7DE00828986B1B0009663C /* ZoomAndSnapFlowLayout.swift */ = {isa = PBXFileReference; lastKnownFileType = sourcecode.swift; path = ZoomAndSnapFlowLayout.swift; sourceTree = "<group>"; };
		7E80BD3A211CF80600B8CA0D /* LocalisableLabel.swift */ = {isa = PBXFileReference; lastKnownFileType = sourcecode.swift; path = LocalisableLabel.swift; sourceTree = "<group>"; };
		7E80BD3C211CFF7300B8CA0D /* LocalisableButton.swift */ = {isa = PBXFileReference; lastKnownFileType = sourcecode.swift; path = LocalisableButton.swift; sourceTree = "<group>"; };
		7E80BD3F211D2CB100B8CA0D /* de */ = {isa = PBXFileReference; lastKnownFileType = text.plist.strings; name = de; path = de.lproj/LaunchScreen.strings; sourceTree = "<group>"; };
		7E80BD40211D2CB100B8CA0D /* de */ = {isa = PBXFileReference; lastKnownFileType = text.plist.strings; name = de; path = WunderLINQ/de.lproj/Localizable.strings; sourceTree = "<group>"; };
		7E80BD41211D419C00B8CA0D /* WaypointsNavTableViewController.swift */ = {isa = PBXFileReference; lastKnownFileType = sourcecode.swift; path = WaypointsNavTableViewController.swift; sourceTree = "<group>"; };
		7E8A1E5721DC326600207464 /* sl */ = {isa = PBXFileReference; lastKnownFileType = text.plist.strings; name = sl; path = sl.lproj/LaunchScreen.strings; sourceTree = "<group>"; };
		7E8A1E5821DC326600207464 /* sl */ = {isa = PBXFileReference; lastKnownFileType = text.plist.strings; name = sl; path = WunderLINQ/sl.lproj/Localizable.strings; sourceTree = "<group>"; };
		7E8AD3D826141BA10089F590 /* ADVDashboard.swift */ = {isa = PBXFileReference; lastKnownFileType = sourcecode.swift; path = ADVDashboard.swift; sourceTree = "<group>"; };
		7E8AD3DC26141E150089F590 /* adv-dashboard.svg */ = {isa = PBXFileReference; fileEncoding = 4; lastKnownFileType = text.xml; path = "adv-dashboard.svg"; sourceTree = "<group>"; };
		7E916DDB230CF10D00011E5F /* NSLocalizedString.swift */ = {isa = PBXFileReference; lastKnownFileType = sourcecode.swift; path = NSLocalizedString.swift; sourceTree = "<group>"; };
		7E9346B028E0A67F009E13C0 /* UserDefauts+Extensions.swift */ = {isa = PBXFileReference; fileEncoding = 4; lastKnownFileType = sourcecode.swift; path = "UserDefauts+Extensions.swift"; sourceTree = "<group>"; };
		7E9346B128E0A67F009E13C0 /* UIView+ignoresInvertColors.swift */ = {isa = PBXFileReference; fileEncoding = 4; lastKnownFileType = sourcecode.swift; path = "UIView+ignoresInvertColors.swift"; sourceTree = "<group>"; };
		7E9346B228E0A67F009E13C0 /* UIViewController+Extensions.swift */ = {isa = PBXFileReference; fileEncoding = 4; lastKnownFileType = sourcecode.swift; path = "UIViewController+Extensions.swift"; sourceTree = "<group>"; };
		7E9346B628E0A6B2009E13C0 /* MotorcycleData.swift */ = {isa = PBXFileReference; fileEncoding = 4; lastKnownFileType = sourcecode.swift; path = MotorcycleData.swift; sourceTree = "<group>"; };
		7E93549F23008B2B00FCF0C5 /* es */ = {isa = PBXFileReference; lastKnownFileType = text.plist.strings; name = es; path = es.lproj/InfoPlist.strings; sourceTree = "<group>"; };
		7E9516C1238A367000ED25F2 /* SpotifyiOS.framework */ = {isa = PBXFileReference; lastKnownFileType = wrapper.framework; path = SpotifyiOS.framework; sourceTree = "<group>"; };
		7E9516C4238A3CDF00ED25F2 /* WunderLINQ-Bridging-Header.h */ = {isa = PBXFileReference; lastKnownFileType = sourcecode.c.h; path = "WunderLINQ-Bridging-Header.h"; sourceTree = "<group>"; };
		7E96D79121E78B7B00C6AB5F /* Security.framework */ = {isa = PBXFileReference; lastKnownFileType = wrapper.framework; name = Security.framework; path = System/Library/Frameworks/Security.framework; sourceTree = SDKROOT; };
		7E9DDA9A278DE8A2006C6D12 /* WLQ.swift */ = {isa = PBXFileReference; lastKnownFileType = sourcecode.swift; path = WLQ.swift; sourceTree = "<group>"; };
		7E9DDA9E278DFFD4006C6D12 /* WLQ_N.swift */ = {isa = PBXFileReference; lastKnownFileType = sourcecode.swift; path = WLQ_N.swift; sourceTree = "<group>"; };
		7E9DDAA0278E2403006C6D12 /* WLQ_C.swift */ = {isa = PBXFileReference; lastKnownFileType = sourcecode.swift; path = WLQ_C.swift; sourceTree = "<group>"; };
		7EA4784A1F40B154000CEDDC /* WunderLINQ.app */ = {isa = PBXFileReference; explicitFileType = wrapper.application; includeInIndex = 0; path = WunderLINQ.app; sourceTree = BUILT_PRODUCTS_DIR; };
		7EA4784D1F40B154000CEDDC /* AppDelegate.swift */ = {isa = PBXFileReference; lastKnownFileType = sourcecode.swift; path = AppDelegate.swift; sourceTree = "<group>"; };
		7EA478541F40B154000CEDDC /* Assets.xcassets */ = {isa = PBXFileReference; lastKnownFileType = folder.assetcatalog; path = Assets.xcassets; sourceTree = "<group>"; };
		7EA478571F40B154000CEDDC /* Base */ = {isa = PBXFileReference; lastKnownFileType = file.storyboard; name = Base; path = Base.lproj/LaunchScreen.storyboard; sourceTree = "<group>"; };
		7EA478591F40B154000CEDDC /* Info.plist */ = {isa = PBXFileReference; lastKnownFileType = text.plist.xml; path = Info.plist; sourceTree = "<group>"; wrapsLines = 0; };
		7EA4785E1F40B154000CEDDC /* WunderLINQTests.xctest */ = {isa = PBXFileReference; explicitFileType = wrapper.cfbundle; includeInIndex = 0; path = WunderLINQTests.xctest; sourceTree = BUILT_PRODUCTS_DIR; };
		7EA478621F40B154000CEDDC /* WunderLINQTests.swift */ = {isa = PBXFileReference; lastKnownFileType = sourcecode.swift; path = WunderLINQTests.swift; sourceTree = "<group>"; };
		7EA478641F40B154000CEDDC /* Info.plist */ = {isa = PBXFileReference; lastKnownFileType = text.plist.xml; path = Info.plist; sourceTree = "<group>"; };
		7EA478701F40F273000CEDDC /* Device.swift */ = {isa = PBXFileReference; fileEncoding = 4; lastKnownFileType = sourcecode.swift; path = Device.swift; sourceTree = "<group>"; };
		7EA478741F412B73000CEDDC /* LocationDelegate.swift */ = {isa = PBXFileReference; fileEncoding = 4; lastKnownFileType = sourcecode.swift; path = LocationDelegate.swift; sourceTree = "<group>"; };
		7EA478761F412BAC000CEDDC /* CLLocation+Extension.swift */ = {isa = PBXFileReference; fileEncoding = 4; lastKnownFileType = sourcecode.swift; path = "CLLocation+Extension.swift"; sourceTree = "<group>"; };
		7EA478801F44F57C000CEDDC /* MusicViewController.swift */ = {isa = PBXFileReference; fileEncoding = 4; lastKnownFileType = sourcecode.swift; path = MusicViewController.swift; sourceTree = "<group>"; };
		7EA478821F4A7260000CEDDC /* InAppSettings.bundle */ = {isa = PBXFileReference; lastKnownFileType = "wrapper.plug-in"; path = InAppSettings.bundle; sourceTree = "<group>"; };
		7EA478861F4BC775000CEDDC /* Logger.swift */ = {isa = PBXFileReference; fileEncoding = 4; lastKnownFileType = sourcecode.swift; path = Logger.swift; sourceTree = "<group>"; };
		7EA478891F537ED5000CEDDC /* Base */ = {isa = PBXFileReference; lastKnownFileType = text.plist.strings; name = Base; path = WunderLINQ/Base.lproj/Localizable.strings; sourceTree = "<group>"; };
		7EA4788D1F5BA136000CEDDC /* Tasks.swift */ = {isa = PBXFileReference; fileEncoding = 4; lastKnownFileType = sourcecode.swift; path = Tasks.swift; sourceTree = "<group>"; };
		7EA4BCC621B8C9150084F6EA /* TasksCollectionViewController.swift */ = {isa = PBXFileReference; lastKnownFileType = sourcecode.swift; path = TasksCollectionViewController.swift; sourceTree = "<group>"; };
		7EA4BCC821B8CB270084F6EA /* TaskCollectionViewCell.swift */ = {isa = PBXFileReference; lastKnownFileType = sourcecode.swift; path = TaskCollectionViewCell.swift; sourceTree = "<group>"; };
		7EAE9414211E9B3200E24CE9 /* Double+Extensions.swift */ = {isa = PBXFileReference; lastKnownFileType = sourcecode.swift; path = "Double+Extensions.swift"; sourceTree = "<group>"; };
		7EAE9416211EA30900E24CE9 /* Theme.swift */ = {isa = PBXFileReference; lastKnownFileType = sourcecode.swift; path = Theme.swift; sourceTree = "<group>"; };
		7EAF646722FE17D000B11550 /* BikeInfoViewController.swift */ = {isa = PBXFileReference; lastKnownFileType = sourcecode.swift; path = BikeInfoViewController.swift; sourceTree = "<group>"; };
		7EAF646922FE261D00B11550 /* WeatherMapViewController.swift */ = {isa = PBXFileReference; lastKnownFileType = sourcecode.swift; path = WeatherMapViewController.swift; sourceTree = "<group>"; };
		7EB5ED7C251FE8FA00B61160 /* DashViewController.swift */ = {isa = PBXFileReference; lastKnownFileType = sourcecode.swift; path = DashViewController.swift; sourceTree = "<group>"; };
		7EB5ED8B251FED8300B61160 /* libCocoaLumberjack.a */ = {isa = PBXFileReference; explicitFileType = archive.ar; path = libCocoaLumberjack.a; sourceTree = BUILT_PRODUCTS_DIR; };
		7EB5EDD625211BCF00B61160 /* agencyfb.ttf */ = {isa = PBXFileReference; lastKnownFileType = file; path = agencyfb.ttf; sourceTree = "<group>"; };
		7EB5EDE3252136F800B61160 /* Base */ = {isa = PBXFileReference; lastKnownFileType = file.storyboard; name = Base; path = Base.lproj/Main.storyboard; sourceTree = "<group>"; };
		7EB5EE112523C57100B61160 /* XML.swift */ = {isa = PBXFileReference; lastKnownFileType = sourcecode.swift; path = XML.swift; sourceTree = "<group>"; };
		7EB80AB42790E47F00D3A051 /* LINbus.swift */ = {isa = PBXFileReference; lastKnownFileType = sourcecode.swift; path = LINbus.swift; sourceTree = "<group>"; };
		7EB80AB62790E49400D3A051 /* CANbus.swift */ = {isa = PBXFileReference; lastKnownFileType = sourcecode.swift; path = CANbus.swift; sourceTree = "<group>"; };
		7EB8B99D245CA7A6007232D2 /* Secrets.swift */ = {isa = PBXFileReference; lastKnownFileType = sourcecode.swift; path = Secrets.swift; sourceTree = "<group>"; };
		7EBC8A9D23B19C0B001FE70B /* AddWaypointViewController.swift */ = {isa = PBXFileReference; lastKnownFileType = sourcecode.swift; path = AddWaypointViewController.swift; sourceTree = "<group>"; };
		7EBFD48D210ADD0000FC9665 /* String+Extensions.swift */ = {isa = PBXFileReference; lastKnownFileType = sourcecode.swift; path = "String+Extensions.swift"; sourceTree = "<group>"; };
		7EBFD48F210E108100FC9665 /* segueFromLeft.swift */ = {isa = PBXFileReference; lastKnownFileType = sourcecode.swift; path = segueFromLeft.swift; sourceTree = "<group>"; };
		7EBFE1F2214C7D6500F2185A /* ScenicAPI.swift */ = {isa = PBXFileReference; fileEncoding = 4; lastKnownFileType = sourcecode.swift; path = ScenicAPI.swift; sourceTree = "<group>"; };
		7EC63201219BCE05002E68FF /* AboutViewController.swift */ = {isa = PBXFileReference; lastKnownFileType = sourcecode.swift; path = AboutViewController.swift; sourceTree = "<group>"; };
		7EC8C9BC1F827977000CEDDC /* ContactsTableViewContoller.swift */ = {isa = PBXFileReference; lastKnownFileType = sourcecode.swift; path = ContactsTableViewContoller.swift; sourceTree = "<group>"; };
		7EC8C9BE1F830C5B000CEDDC /* PhoneContacts.swift */ = {isa = PBXFileReference; lastKnownFileType = sourcecode.swift; path = PhoneContacts.swift; sourceTree = "<group>"; };
		7EC934F12186208A00FD4806 /* AlertViewController.swift */ = {isa = PBXFileReference; lastKnownFileType = sourcecode.swift; path = AlertViewController.swift; sourceTree = "<group>"; };
		7EC934F42187BE5100FD4806 /* es-419 */ = {isa = PBXFileReference; lastKnownFileType = text.plist.strings; name = "es-419"; path = "es-419.lproj/LaunchScreen.strings"; sourceTree = "<group>"; };
		7EC934F52187BE5100FD4806 /* es-419 */ = {isa = PBXFileReference; lastKnownFileType = text.plist.strings; name = "es-419"; path = "WunderLINQ/es-419.lproj/Localizable.strings"; sourceTree = "<group>"; };
		7ED2013520D0D0030066BCE6 /* Default-568h@2x.png */ = {isa = PBXFileReference; lastKnownFileType = image.png; path = "Default-568h@2x.png"; sourceTree = "<group>"; };
		7EE02FE422A6BCCA0061330B /* ja */ = {isa = PBXFileReference; lastKnownFileType = text.plist.strings; name = ja; path = ja.lproj/LaunchScreen.strings; sourceTree = "<group>"; };
		7EE02FE522A6BCCA0061330B /* ja */ = {isa = PBXFileReference; lastKnownFileType = text.plist.strings; name = ja; path = WunderLINQ/ja.lproj/Localizable.strings; sourceTree = "<group>"; };
		7EE02FE622A6BCCA0061330B /* ja */ = {isa = PBXFileReference; fileEncoding = 4; lastKnownFileType = text.plist.strings; name = ja; path = ja.lproj/InfoPlist.strings; sourceTree = "<group>"; };
		7EE583612905A88600AF6A87 /* AccessoryViewController.swift */ = {isa = PBXFileReference; lastKnownFileType = sourcecode.swift; path = AccessoryViewController.swift; sourceTree = "<group>"; };
		7EF0775A258D796F009A6BAA /* HWSettingsViewController.swift */ = {isa = PBXFileReference; lastKnownFileType = sourcecode.swift; path = HWSettingsViewController.swift; sourceTree = "<group>"; };
		7EF07767258E653E009A6BAA /* HWSettingsTableViewCell.swift */ = {isa = PBXFileReference; lastKnownFileType = sourcecode.swift; path = HWSettingsTableViewCell.swift; sourceTree = "<group>"; };
		7EF0776B258FBDEF009A6BAA /* KeyboardHID.swift */ = {isa = PBXFileReference; lastKnownFileType = sourcecode.swift; path = KeyboardHID.swift; sourceTree = "<group>"; };
		7EF07771258FF762009A6BAA /* HWSettingsActionViewController.swift */ = {isa = PBXFileReference; lastKnownFileType = sourcecode.swift; path = HWSettingsActionViewController.swift; sourceTree = "<group>"; };
		7EF9B59F22FCB14D009D8D17 /* Solar.swift */ = {isa = PBXFileReference; lastKnownFileType = sourcecode.swift; path = Solar.swift; sourceTree = "<group>"; };
		7EFA9907240DFDE700E65078 /* FirstRunViewController.swift */ = {isa = PBXFileReference; lastKnownFileType = sourcecode.swift; path = FirstRunViewController.swift; sourceTree = "<group>"; };
		B98CA75C252E6C6B00530075 /* UIStoryboard+extensions.swift */ = {isa = PBXFileReference; lastKnownFileType = sourcecode.swift; path = "UIStoryboard+extensions.swift"; sourceTree = "<group>"; };
		B98CA761252E6F5500530075 /* String+Localizable.swift */ = {isa = PBXFileReference; lastKnownFileType = sourcecode.swift; path = "String+Localizable.swift"; sourceTree = "<group>"; };
		DA150AA674E4880933A5281B /* Pods_WunderLINQ.framework */ = {isa = PBXFileReference; explicitFileType = wrapper.framework; includeInIndex = 0; path = Pods_WunderLINQ.framework; sourceTree = BUILT_PRODUCTS_DIR; };
/* End PBXFileReference section */

/* Begin PBXFrameworksBuildPhase section */
		7EA478471F40B154000CEDDC /* Frameworks */ = {
			isa = PBXFrameworksBuildPhase;
			buildActionMask = 2147483647;
			files = (
				7E96D79221E78B7B00C6AB5F /* Security.framework in Frameworks */,
				7E068BE82102C8820076EAAD /* CoreGraphics.framework in Frameworks */,
				7E068BE92102C8820076EAAD /* libz.tbd in Frameworks */,
				7E068BEB2102C8820076EAAD /* CoreLocation.framework in Frameworks */,
				7E9516C2238A367000ED25F2 /* SpotifyiOS.framework in Frameworks */,
				7E068BEC2102C8820076EAAD /* UIKit.framework in Frameworks */,
				7E068BEE2102C8820076EAAD /* CoreImage.framework in Frameworks */,
				7E068BEF2102C8820076EAAD /* ImageIO.framework in Frameworks */,
				7E068BF02102C8820076EAAD /* SystemConfiguration.framework in Frameworks */,
				7E068BF12102C8820076EAAD /* CoreText.framework in Frameworks */,
				7E068BF22102C8820076EAAD /* CoreTelephony.framework in Frameworks */,
				7E068BF32102C8820076EAAD /* libc++.tbd in Frameworks */,
				7E068BF42102C8820076EAAD /* CoreData.framework in Frameworks */,
				7E068BF52102C8820076EAAD /* QuartzCore.framework in Frameworks */,
				7E068BD32102C6290076EAAD /* GoogleMapsBase.framework in Frameworks */,
				7E068BD22102C6290076EAAD /* GoogleMaps.framework in Frameworks */,
				7E068BD12102C6290076EAAD /* GoogleMapsCore.framework in Frameworks */,
				7E068BD92102C7DE0076EAAD /* Accelerate.framework in Frameworks */,
				482C618362EA74729FE53E2A /* Pods_WunderLINQ.framework in Frameworks */,
			);
			runOnlyForDeploymentPostprocessing = 0;
		};
		7EA4785B1F40B154000CEDDC /* Frameworks */ = {
			isa = PBXFrameworksBuildPhase;
			buildActionMask = 2147483647;
			files = (
			);
			runOnlyForDeploymentPostprocessing = 0;
		};
/* End PBXFrameworksBuildPhase section */

/* Begin PBXGroup section */
		6BDFE6152DE617FDCACF2500 /* Pods */ = {
			isa = PBXGroup;
			children = (
				4E2D3628243A0841E630E538 /* Pods-WunderLINQ.debug.xcconfig */,
				5B6A75C94A76FEE610EF7F86 /* Pods-WunderLINQ.release.xcconfig */,
			);
			path = Pods;
			sourceTree = "<group>";
		};
		7E00516528EA150B00BC3CC1 /* TaskList */ = {
			isa = PBXGroup;
			children = (
				7E00516628EA152400BC3CC1 /* Tasks */,
				7EA4788D1F5BA136000CEDDC /* Tasks.swift */,
				7E7DE00828986B1B0009663C /* ZoomAndSnapFlowLayout.swift */,
				7EA4BCC621B8C9150084F6EA /* TasksCollectionViewController.swift */,
				7EA4BCC821B8CB270084F6EA /* TaskCollectionViewCell.swift */,
			);
			path = TaskList;
			sourceTree = "<group>";
		};
		7E00516628EA152400BC3CC1 /* Tasks */ = {
			isa = PBXGroup;
			children = (
				7EAF646922FE261D00B11550 /* WeatherMapViewController.swift */,
				7E75E2DA26D2E6210077CA5A /* VolumeViewController.swift */,
				7EC8C9BC1F827977000CEDDC /* ContactsTableViewContoller.swift */,
				7E7C53CC21F3BA9200C98010 /* ContactsTableViewCell.swift */,
				7EC8C9BE1F830C5B000CEDDC /* PhoneContacts.swift */,
				7E80BD41211D419C00B8CA0D /* WaypointsNavTableViewController.swift */,
			);
			path = Tasks;
			sourceTree = "<group>";
		};
		7E068BD72102C7DE0076EAAD /* Frameworks */ = {
			isa = PBXGroup;
			children = (
				7EB5ED8B251FED8300B61160 /* libCocoaLumberjack.a */,
				7E5D59F824FBFA3E005E5017 /* InAppSettingsKit.framework */,
				7E96D79121E78B7B00C6AB5F /* Security.framework */,
				7E068BE62102C8820076EAAD /* CoreData.framework */,
				7E068BDA2102C8810076EAAD /* CoreGraphics.framework */,
				7E068BE02102C8810076EAAD /* CoreImage.framework */,
				7E068BDD2102C8810076EAAD /* CoreLocation.framework */,
				7E068BE42102C8810076EAAD /* CoreTelephony.framework */,
				7E068BE32102C8810076EAAD /* CoreText.framework */,
				7E068BDF2102C8810076EAAD /* GLKit.framework */,
				7E068BE12102C8810076EAAD /* ImageIO.framework */,
				7E068BE52102C8820076EAAD /* libc++.tbd */,
				7E068BDB2102C8810076EAAD /* libz.tbd */,
				7E068BDC2102C8810076EAAD /* OpenGLES.framework */,
				7E068BE72102C8820076EAAD /* QuartzCore.framework */,
				7E068BE22102C8810076EAAD /* SystemConfiguration.framework */,
				7E068BDE2102C8810076EAAD /* UIKit.framework */,
				7E068BD82102C7DE0076EAAD /* Accelerate.framework */,
				DA150AA674E4880933A5281B /* Pods_WunderLINQ.framework */,
			);
			name = Frameworks;
			sourceTree = "<group>";
		};
		7E755C16260A997100B29507 /* SVGDashboards */ = {
			isa = PBXGroup;
			children = (
				7E755C17260AA78900B29507 /* StandardDashboard.swift */,
				7E755C1D260AA80700B29507 /* SportDashboard.swift */,
				7E8AD3D826141BA10089F590 /* ADVDashboard.swift */,
			);
			path = SVGDashboards;
			sourceTree = "<group>";
		};
		7EA478411F40B154000CEDDC = {
			isa = PBXGroup;
			children = (
				7E9516C4238A3CDF00ED25F2 /* WunderLINQ-Bridging-Header.h */,
				7ED2013520D0D0030066BCE6 /* Default-568h@2x.png */,
				7EA478881F537ED5000CEDDC /* Localizable.strings */,
				7EA4784C1F40B154000CEDDC /* WunderLINQ */,
				7EA478611F40B154000CEDDC /* WunderLINQTests */,
				7EA4784B1F40B154000CEDDC /* Products */,
				7E068BD72102C7DE0076EAAD /* Frameworks */,
				6BDFE6152DE617FDCACF2500 /* Pods */,
			);
			sourceTree = "<group>";
		};
		7EA4784B1F40B154000CEDDC /* Products */ = {
			isa = PBXGroup;
			children = (
				7EA4784A1F40B154000CEDDC /* WunderLINQ.app */,
				7EA4785E1F40B154000CEDDC /* WunderLINQTests.xctest */,
			);
			name = Products;
			sourceTree = "<group>";
		};
		7EA4784C1F40B154000CEDDC /* WunderLINQ */ = {
			isa = PBXGroup;
			children = (
				7E00516528EA150B00BC3CC1 /* TaskList */,
				7EBC4E2328E133B800B1998B /* comms */,
				7EB80AB82790FF8800D3A051 /* hardware */,
				7EB80AB32790E45E00D3A051 /* protocols */,
				7E755C16260A997100B29507 /* SVGDashboards */,
				B98CA760252E6DD400530075 /* External */,
				7EB5EDE9252169B800B61160 /* svg */,
				7EB5EDD525211B6100B61160 /* fonts */,
				B98CA75B252E6C5200530075 /* Utils */,
				7E9516C1238A367000ED25F2 /* SpotifyiOS.framework */,
				7E068BCF2102C6280076EAAD /* GoogleMaps.framework */,
				7E068BD02102C6290076EAAD /* GoogleMapsBase.framework */,
				7E068BCE2102C6270076EAAD /* GoogleMapsCore.framework */,
				7EB5EDE2252136F800B61160 /* Main.storyboard */,
				7E4669F62518647C00E7E291 /* NavAppHelper.swift */,
				7EBFE1F2214C7D6500F2185A /* ScenicAPI.swift */,
				7EA4784D1F40B154000CEDDC /* AppDelegate.swift */,
				7EFA9907240DFDE700E65078 /* FirstRunViewController.swift */,
				7EA478861F4BC775000CEDDC /* Logger.swift */,
				7EA478741F412B73000CEDDC /* LocationDelegate.swift */,
				7E62BB6C21FE3DBF00FDB10E /* MainCollectionViewController.swift */,
				7E62BB6E21FE3DEB00FDB10E /* MainCollectionViewCell.swift */,
				7EB5ED7C251FE8FA00B61160 /* DashViewController.swift */,
				7EE583612905A88600AF6A87 /* AccessoryViewController.swift */,
				7E62BB7021FE443200FDB10E /* ColumnFlowLayout.swift */,
				7E068BC220FD8A100076EAAD /* FaultsTableViewController.swift */,
				7EAF646722FE17D000B11550 /* BikeInfoViewController.swift */,
				7EF07771258FF762009A6BAA /* HWSettingsActionViewController.swift */,
				7EF07767258E653E009A6BAA /* HWSettingsTableViewCell.swift */,
				7EF0775A258D796F009A6BAA /* HWSettingsViewController.swift */,
				7EC63201219BCE05002E68FF /* AboutViewController.swift */,
				7E14EFBC221B5FB7009F37A3 /* GeoDataViewController.swift */,
				7E068BC6210190CB0076EAAD /* TripsTableViewController.swift */,
				7E068BF7210645290076EAAD /* TripViewController.swift */,
				7E5A767920DDFEF700B48CC6 /* Waypoint.swift */,
				7E068BC8210190F00076EAAD /* WaypointsTableViewController.swift */,
				7E068BCC2102ADD20076EAAD /* WaypointViewController.swift */,
				7EBC8A9D23B19C0B001FE70B /* AddWaypointViewController.swift */,
				7EC934F12186208A00FD4806 /* AlertViewController.swift */,
				7EA478801F44F57C000CEDDC /* MusicViewController.swift */,
				7EAE9416211EA30900E24CE9 /* Theme.swift */,
				7E6E0A6724FC022200149387 /* ColorPickerViewController.swift */,
				7E620A0C26278E4900F6E23B /* AppSettingsViewController.swift */,
				7EB8B99D245CA7A6007232D2 /* Secrets.swift */,
				7E068BD62102C6DB0076EAAD /* GoogleMaps.bundle */,
				7EA478821F4A7260000CEDDC /* InAppSettings.bundle */,
				7EA478541F40B154000CEDDC /* Assets.xcassets */,
				7EA478561F40B154000CEDDC /* LaunchScreen.storyboard */,
				7E4D76E521DDAEC100825175 /* InfoPlist.strings */,
				7EA478591F40B154000CEDDC /* Info.plist */,
			);
			path = WunderLINQ;
			sourceTree = "<group>";
		};
		7EA478611F40B154000CEDDC /* WunderLINQTests */ = {
			isa = PBXGroup;
			children = (
				7EA478621F40B154000CEDDC /* WunderLINQTests.swift */,
				7EA478641F40B154000CEDDC /* Info.plist */,
			);
			path = WunderLINQTests;
			sourceTree = "<group>";
		};
		7EB5EDD525211B6100B61160 /* fonts */ = {
			isa = PBXGroup;
			children = (
				7EB5EDD625211BCF00B61160 /* agencyfb.ttf */,
			);
			path = fonts;
			sourceTree = "<group>";
		};
		7EB5EDE9252169B800B61160 /* svg */ = {
			isa = PBXGroup;
			children = (
				7E8AD3DC26141E150089F590 /* adv-dashboard.svg */,
				7E755C10260A787100B29507 /* sport-dashboard.svg */,
				7E755C11260A787100B29507 /* standard-dashboard.svg */,
			);
			path = svg;
			sourceTree = "<group>";
		};
		7EB80AB32790E45E00D3A051 /* protocols */ = {
			isa = PBXGroup;
			children = (
				7EB80AB62790E49400D3A051 /* CANbus.swift */,
				7EB80AB42790E47F00D3A051 /* LINbus.swift */,
				7EF0776B258FBDEF009A6BAA /* KeyboardHID.swift */,
			);
			path = protocols;
			sourceTree = "<group>";
		};
		7EB80AB82790FF8800D3A051 /* hardware */ = {
			isa = PBXGroup;
			children = (
				7EB80AB92790FFAC00D3A051 /* WLQ */,
			);
			path = hardware;
			sourceTree = "<group>";
		};
		7EB80AB92790FFAC00D3A051 /* WLQ */ = {
			isa = PBXGroup;
			children = (
				7E9346B628E0A6B2009E13C0 /* MotorcycleData.swift */,
				7E6987DC20F8F83500B4781D /* Faults.swift */,
				7E9DDA9A278DE8A2006C6D12 /* WLQ.swift */,
				7E9DDA9E278DFFD4006C6D12 /* WLQ_N.swift */,
				7E9DDAA0278E2403006C6D12 /* WLQ_C.swift */,
			);
			path = WLQ;
			sourceTree = "<group>";
		};
		7EBC4E2328E133B800B1998B /* comms */ = {
			isa = PBXGroup;
			children = (
				7EBC4E2428E133DC00B1998B /* BLE */,
			);
			path = comms;
			sourceTree = "<group>";
		};
		7EBC4E2428E133DC00B1998B /* BLE */ = {
			isa = PBXGroup;
			children = (
				7EA478701F40F273000CEDDC /* Device.swift */,
				7E25396221CD94A30008D34E /* BLE.swift */,
			);
			path = BLE;
			sourceTree = "<group>";
		};
		B98CA75B252E6C5200530075 /* Utils */ = {
			isa = PBXGroup;
			children = (
				7E2EC06324991CE200B0A59B /* NavigationControllerWithTraitOverride.swift */,
				7E5E0F77212289140048B9A2 /* AppUtility.swift */,
				7E80BD3C211CFF7300B8CA0D /* LocalisableButton.swift */,
				7E80BD3A211CF80600B8CA0D /* LocalisableLabel.swift */,
				7EBFD48F210E108100FC9665 /* segueFromLeft.swift */,
				7E916DDB230CF10D00011E5F /* NSLocalizedString.swift */,
				7E35A59222DC265800E4AE40 /* Utility.swift */,
				7E01EDCC28E0D6C500F8A63C /* UINavigationController+Extensions.swift */,
				7E9346B128E0A67F009E13C0 /* UIView+ignoresInvertColors.swift */,
				7E9346B228E0A67F009E13C0 /* UIViewController+Extensions.swift */,
				7E9346B028E0A67F009E13C0 /* UserDefauts+Extensions.swift */,
				B98CA75C252E6C6B00530075 /* UIStoryboard+extensions.swift */,
				B98CA761252E6F5500530075 /* String+Localizable.swift */,
				7EBFD48D210ADD0000FC9665 /* String+Extensions.swift */,
				7EAE9414211E9B3200E24CE9 /* Double+Extensions.swift */,
				7EA478761F412BAC000CEDDC /* CLLocation+Extension.swift */,
			);
			path = Utils;
			sourceTree = "<group>";
		};
		B98CA760252E6DD400530075 /* External */ = {
			isa = PBXGroup;
			children = (
				7EB5EE112523C57100B61160 /* XML.swift */,
				7EF9B59F22FCB14D009D8D17 /* Solar.swift */,
				7E068BCA2102ACF30076EAAD /* Popover.swift */,
			);
			path = External;
			sourceTree = "<group>";
		};
/* End PBXGroup section */

/* Begin PBXNativeTarget section */
		7EA478491F40B154000CEDDC /* WunderLINQ */ = {
			isa = PBXNativeTarget;
			buildConfigurationList = 7EA478671F40B154000CEDDC /* Build configuration list for PBXNativeTarget "WunderLINQ" */;
			buildPhases = (
				AACDFDB8C897E28740A768ED /* [CP] Check Pods Manifest.lock */,
				7EA478461F40B154000CEDDC /* Sources */,
				7EA478471F40B154000CEDDC /* Frameworks */,
				7EA478481F40B154000CEDDC /* Resources */,
				8E985EC67182A309FD22AF54 /* [CP] Embed Pods Frameworks */,
			);
			buildRules = (
			);
			dependencies = (
			);
			name = WunderLINQ;
			productName = WunderLINQ;
			productReference = 7EA4784A1F40B154000CEDDC /* WunderLINQ.app */;
			productType = "com.apple.product-type.application";
		};
		7EA4785D1F40B154000CEDDC /* WunderLINQTests */ = {
			isa = PBXNativeTarget;
			buildConfigurationList = 7EA4786A1F40B154000CEDDC /* Build configuration list for PBXNativeTarget "WunderLINQTests" */;
			buildPhases = (
				7EA4785A1F40B154000CEDDC /* Sources */,
				7EA4785B1F40B154000CEDDC /* Frameworks */,
				7EA4785C1F40B154000CEDDC /* Resources */,
			);
			buildRules = (
			);
			dependencies = (
				7EA478601F40B154000CEDDC /* PBXTargetDependency */,
			);
			name = WunderLINQTests;
			productName = WunderLINQTests;
			productReference = 7EA4785E1F40B154000CEDDC /* WunderLINQTests.xctest */;
			productType = "com.apple.product-type.bundle.unit-test";
		};
/* End PBXNativeTarget section */

/* Begin PBXProject section */
		7EA478421F40B154000CEDDC /* Project object */ = {
			isa = PBXProject;
			attributes = {
				KnownAssetTags = (
					2,
					3,
				);
				LastSwiftUpdateCheck = 0830;
				LastUpgradeCheck = 0940;
				ORGANIZATIONNAME = "Black Box Embedded, LLC";
				TargetAttributes = {
					7EA478491F40B154000CEDDC = {
						CreatedOnToolsVersion = 8.3.3;
						LastSwiftMigration = 1020;
						ProvisioningStyle = Automatic;
						SystemCapabilities = {
							com.apple.BackgroundModes = {
								enabled = 1;
							};
						};
					};
					7EA4785D1F40B154000CEDDC = {
						CreatedOnToolsVersion = 8.3.3;
						DevelopmentTeam = L5697YQ5RS;
						LastSwiftMigration = 1020;
						ProvisioningStyle = Automatic;
						TestTargetID = 7EA478491F40B154000CEDDC;
					};
				};
			};
			buildConfigurationList = 7EA478451F40B154000CEDDC /* Build configuration list for PBXProject "WunderLINQ" */;
			compatibilityVersion = "Xcode 9.3";
			developmentRegion = en;
			hasScannedForEncodings = 0;
			knownRegions = (
				en,
				Base,
				de,
				"es-419",
				es,
				cs,
				el,
				sl,
				ja,
				hu,
				af,
				fr,
				pl,
				nl,
			);
			mainGroup = 7EA478411F40B154000CEDDC;
			productRefGroup = 7EA4784B1F40B154000CEDDC /* Products */;
			projectDirPath = "";
			projectRoot = "";
			targets = (
				7EA478491F40B154000CEDDC /* WunderLINQ */,
				7EA4785D1F40B154000CEDDC /* WunderLINQTests */,
			);
		};
/* End PBXProject section */

/* Begin PBXResourcesBuildPhase section */
		7EA478481F40B154000CEDDC /* Resources */ = {
			isa = PBXResourcesBuildPhase;
			buildActionMask = 2147483647;
			files = (
				7E068BF62102D1A90076EAAD /* GoogleMaps.bundle in Resources */,
				7E4D76E321DDAEC100825175 /* InfoPlist.strings in Resources */,
				7E755C12260A787100B29507 /* sport-dashboard.svg in Resources */,
				7EA478831F4A7260000CEDDC /* InAppSettings.bundle in Resources */,
				7EA4788A1F537ED5000CEDDC /* Localizable.strings in Resources */,
				7EA478581F40B154000CEDDC /* LaunchScreen.storyboard in Resources */,
				7EA478551F40B154000CEDDC /* Assets.xcassets in Resources */,
				7EB5EDE4252136F800B61160 /* Main.storyboard in Resources */,
				7ED2013620D0D0030066BCE6 /* Default-568h@2x.png in Resources */,
				7E755C13260A787100B29507 /* standard-dashboard.svg in Resources */,
				7EB5EDD725211BCF00B61160 /* agencyfb.ttf in Resources */,
				7E8AD3DD26141E150089F590 /* adv-dashboard.svg in Resources */,
			);
			runOnlyForDeploymentPostprocessing = 0;
		};
		7EA4785C1F40B154000CEDDC /* Resources */ = {
			isa = PBXResourcesBuildPhase;
			buildActionMask = 2147483647;
			files = (
			);
			runOnlyForDeploymentPostprocessing = 0;
		};
/* End PBXResourcesBuildPhase section */

/* Begin PBXShellScriptBuildPhase section */
		8E985EC67182A309FD22AF54 /* [CP] Embed Pods Frameworks */ = {
			isa = PBXShellScriptBuildPhase;
			buildActionMask = 2147483647;
			files = (
			);
			inputFileListPaths = (
				"${PODS_ROOT}/Target Support Files/Pods-WunderLINQ/Pods-WunderLINQ-frameworks-${CONFIGURATION}-input-files.xcfilelist",
			);
			name = "[CP] Embed Pods Frameworks";
			outputFileListPaths = (
				"${PODS_ROOT}/Target Support Files/Pods-WunderLINQ/Pods-WunderLINQ-frameworks-${CONFIGURATION}-output-files.xcfilelist",
			);
			runOnlyForDeploymentPostprocessing = 0;
			shellPath = /bin/sh;
			shellScript = "\"${PODS_ROOT}/Target Support Files/Pods-WunderLINQ/Pods-WunderLINQ-frameworks.sh\"\n";
			showEnvVarsInLog = 0;
		};
		AACDFDB8C897E28740A768ED /* [CP] Check Pods Manifest.lock */ = {
			isa = PBXShellScriptBuildPhase;
			buildActionMask = 2147483647;
			files = (
			);
			inputFileListPaths = (
			);
			inputPaths = (
				"${PODS_PODFILE_DIR_PATH}/Podfile.lock",
				"${PODS_ROOT}/Manifest.lock",
			);
			name = "[CP] Check Pods Manifest.lock";
			outputFileListPaths = (
			);
			outputPaths = (
				"$(DERIVED_FILE_DIR)/Pods-WunderLINQ-checkManifestLockResult.txt",
			);
			runOnlyForDeploymentPostprocessing = 0;
			shellPath = /bin/sh;
			shellScript = "diff \"${PODS_PODFILE_DIR_PATH}/Podfile.lock\" \"${PODS_ROOT}/Manifest.lock\" > /dev/null\nif [ $? != 0 ] ; then\n    # print error to STDERR\n    echo \"error: The sandbox is not in sync with the Podfile.lock. Run 'pod install' or update your CocoaPods installation.\" >&2\n    exit 1\nfi\n# This output is used by Xcode 'outputs' to avoid re-running this script phase.\necho \"SUCCESS\" > \"${SCRIPT_OUTPUT_FILE_0}\"\n";
			showEnvVarsInLog = 0;
		};
/* End PBXShellScriptBuildPhase section */

/* Begin PBXSourcesBuildPhase section */
		7EA478461F40B154000CEDDC /* Sources */ = {
			isa = PBXSourcesBuildPhase;
			buildActionMask = 2147483647;
			files = (
				7EA478711F40F273000CEDDC /* Device.swift in Sources */,
				7E80BD3D211CFF7300B8CA0D /* LocalisableButton.swift in Sources */,
				7E5E0F78212289140048B9A2 /* AppUtility.swift in Sources */,
				7EA478771F412BAC000CEDDC /* CLLocation+Extension.swift in Sources */,
				7EBFD490210E108100FC9665 /* segueFromLeft.swift in Sources */,
				7EA4788E1F5BA136000CEDDC /* Tasks.swift in Sources */,
				7E80BD3B211CF80600B8CA0D /* LocalisableLabel.swift in Sources */,
				7EC934F22186208A00FD4806 /* AlertViewController.swift in Sources */,
				7EAE9415211E9B3200E24CE9 /* Double+Extensions.swift in Sources */,
				7EA4784E1F40B154000CEDDC /* AppDelegate.swift in Sources */,
				7E62BB6D21FE3DBF00FDB10E /* MainCollectionViewController.swift in Sources */,
				7EE583622905A88700AF6A87 /* AccessoryViewController.swift in Sources */,
				7E7C53CD21F3BA9200C98010 /* ContactsTableViewCell.swift in Sources */,
				7E068BC7210190CB0076EAAD /* TripsTableViewController.swift in Sources */,
				7E4669F72518647C00E7E291 /* NavAppHelper.swift in Sources */,
				7E6E0A6824FC022200149387 /* ColorPickerViewController.swift in Sources */,
				7E8AD3D926141BA10089F590 /* ADVDashboard.swift in Sources */,
				7E7DE00928986B1B0009663C /* ZoomAndSnapFlowLayout.swift in Sources */,
				7E9DDAA1278E2403006C6D12 /* WLQ_C.swift in Sources */,
				7EA4BCC721B8C9150084F6EA /* TasksCollectionViewController.swift in Sources */,
				7E62BB6F21FE3DEB00FDB10E /* MainCollectionViewCell.swift in Sources */,
				7E25396321CD94A30008D34E /* BLE.swift in Sources */,
				7EB5EE122523C57100B61160 /* XML.swift in Sources */,
				7E14EFBD221B5FB7009F37A3 /* GeoDataViewController.swift in Sources */,
				7EC8C9BD1F827977000CEDDC /* ContactsTableViewContoller.swift in Sources */,
				7EA478871F4BC775000CEDDC /* Logger.swift in Sources */,
				7EB8B99E245CA7A6007232D2 /* Secrets.swift in Sources */,
				7E9346B728E0A6B2009E13C0 /* MotorcycleData.swift in Sources */,
				7E068BF8210645290076EAAD /* TripViewController.swift in Sources */,
				7E5A767A20DDFEF700B48CC6 /* Waypoint.swift in Sources */,
				7E9346B428E0A67F009E13C0 /* UIView+ignoresInvertColors.swift in Sources */,
				7E80BD42211D419C00B8CA0D /* WaypointsNavTableViewController.swift in Sources */,
				7E755C18260AA78900B29507 /* StandardDashboard.swift in Sources */,
				7EC8C9BF1F830C5B000CEDDC /* PhoneContacts.swift in Sources */,
				7EA4BCC921B8CB270084F6EA /* TaskCollectionViewCell.swift in Sources */,
				7E916DDC230CF10D00011E5F /* NSLocalizedString.swift in Sources */,
				7EBC8A9E23B19C0B001FE70B /* AddWaypointViewController.swift in Sources */,
				7EF07768258E653E009A6BAA /* HWSettingsTableViewCell.swift in Sources */,
				7E01EDCD28E0D6C500F8A63C /* UINavigationController+Extensions.swift in Sources */,
				7E62BB7121FE443200FDB10E /* ColumnFlowLayout.swift in Sources */,
				7E75E2DB26D2E6210077CA5A /* VolumeViewController.swift in Sources */,
				B98CA75D252E6C6B00530075 /* UIStoryboard+extensions.swift in Sources */,
				7EBFE1F3214C7D6500F2185A /* ScenicAPI.swift in Sources */,
				7EBFD48E210ADD0000FC9665 /* String+Extensions.swift in Sources */,
				7E9346B528E0A67F009E13C0 /* UIViewController+Extensions.swift in Sources */,
				7E068BCB2102ACF30076EAAD /* Popover.swift in Sources */,
				7EAF646A22FE261D00B11550 /* WeatherMapViewController.swift in Sources */,
				7EA478811F44F57C000CEDDC /* MusicViewController.swift in Sources */,
				7EF07772258FF762009A6BAA /* HWSettingsActionViewController.swift in Sources */,
				7E620A0D26278E4900F6E23B /* AppSettingsViewController.swift in Sources */,
				7EF9B5A022FCB14D009D8D17 /* Solar.swift in Sources */,
				7EAF646822FE17D000B11550 /* BikeInfoViewController.swift in Sources */,
				7E35A59322DC265800E4AE40 /* Utility.swift in Sources */,
				7EAE9417211EA30900E24CE9 /* Theme.swift in Sources */,
				7E9346B328E0A67F009E13C0 /* UserDefauts+Extensions.swift in Sources */,
				7E755C1E260AA80700B29507 /* SportDashboard.swift in Sources */,
				7E9DDA9F278DFFD4006C6D12 /* WLQ_N.swift in Sources */,
				7EB80AB52790E47F00D3A051 /* LINbus.swift in Sources */,
				7EF0776C258FBDEF009A6BAA /* KeyboardHID.swift in Sources */,
				7EC63202219BCE05002E68FF /* AboutViewController.swift in Sources */,
				7EB5ED7D251FE8FA00B61160 /* DashViewController.swift in Sources */,
				7EB80AB72790E49400D3A051 /* CANbus.swift in Sources */,
				7E068BC320FD8A100076EAAD /* FaultsTableViewController.swift in Sources */,
				7E2EC06424991CE200B0A59B /* NavigationControllerWithTraitOverride.swift in Sources */,
				7E9DDA9B278DE8A2006C6D12 /* WLQ.swift in Sources */,
				7E6987DD20F8F83500B4781D /* Faults.swift in Sources */,
				7E068BC9210190F00076EAAD /* WaypointsTableViewController.swift in Sources */,
				7E068BCD2102ADD20076EAAD /* WaypointViewController.swift in Sources */,
				7EA478751F412B73000CEDDC /* LocationDelegate.swift in Sources */,
				7EFA9908240DFDE700E65078 /* FirstRunViewController.swift in Sources */,
				B98CA762252E6F5500530075 /* String+Localizable.swift in Sources */,
				7EF0775B258D796F009A6BAA /* HWSettingsViewController.swift in Sources */,
			);
			runOnlyForDeploymentPostprocessing = 0;
		};
		7EA4785A1F40B154000CEDDC /* Sources */ = {
			isa = PBXSourcesBuildPhase;
			buildActionMask = 2147483647;
			files = (
				7EA478631F40B154000CEDDC /* WunderLINQTests.swift in Sources */,
			);
			runOnlyForDeploymentPostprocessing = 0;
		};
/* End PBXSourcesBuildPhase section */

/* Begin PBXTargetDependency section */
		7EA478601F40B154000CEDDC /* PBXTargetDependency */ = {
			isa = PBXTargetDependency;
			target = 7EA478491F40B154000CEDDC /* WunderLINQ */;
			targetProxy = 7EA4785F1F40B154000CEDDC /* PBXContainerItemProxy */;
		};
/* End PBXTargetDependency section */

/* Begin PBXVariantGroup section */
		7E4D76E521DDAEC100825175 /* InfoPlist.strings */ = {
			isa = PBXVariantGroup;
			children = (
				7E4D76E421DDAEC100825175 /* sl */,
				7EE02FE622A6BCCA0061330B /* ja */,
				7E586D4022B68E6E00FB2E4C /* hu */,
				7E78DB2C23006FCF009742DF /* de */,
				7E78DB2D23006FD1009742DF /* es-419 */,
				7E78DB2F23006FD7009742DF /* cs */,
				7E78DB3023006FD9009742DF /* el */,
				7E93549F23008B2B00FCF0C5 /* es */,
				7E7440992308F24F001FDE20 /* af */,
				7E6DA9072648BE33001073E2 /* fr */,
				7E6DA9082648BE5E001073E2 /* pl */,
				7E6DA90A2648BF7F001073E2 /* Base */,
				7E6DA90C2648C01A001073E2 /* nl */,
			);
			name = InfoPlist.strings;
			sourceTree = "<group>";
		};
		7EA478561F40B154000CEDDC /* LaunchScreen.storyboard */ = {
			isa = PBXVariantGroup;
			children = (
				7EA478571F40B154000CEDDC /* Base */,
				7E80BD3F211D2CB100B8CA0D /* de */,
				7EC934F42187BE5100FD4806 /* es-419 */,
				7E31915D219A1BB40031A2E3 /* es */,
				7E52E9B021A38D89008082FE /* cs */,
				7E70D8F721A5FD2B0016CD74 /* el */,
				7E8A1E5721DC326600207464 /* sl */,
				7EE02FE422A6BCCA0061330B /* ja */,
				7E586D3E22B68E6E00FB2E4C /* hu */,
				7E7440982308F24A001FDE20 /* af */,
			);
			name = LaunchScreen.storyboard;
			sourceTree = "<group>";
		};
		7EA478881F537ED5000CEDDC /* Localizable.strings */ = {
			isa = PBXVariantGroup;
			children = (
				7EA478891F537ED5000CEDDC /* Base */,
				7E80BD40211D2CB100B8CA0D /* de */,
				7EC934F52187BE5100FD4806 /* es-419 */,
				7E31915E219A1BB40031A2E3 /* es */,
				7E52E9B121A38D89008082FE /* cs */,
				7E70D8F821A5FD2B0016CD74 /* el */,
				7E8A1E5821DC326600207464 /* sl */,
				7EE02FE522A6BCCA0061330B /* ja */,
				7E586D3F22B68E6E00FB2E4C /* hu */,
				7E74409A2308F2F1001FDE20 /* af */,
				7E6DA9032648BE08001073E2 /* fr */,
				7E6DA9092648BE79001073E2 /* pl */,
				7E6DA90B2648C008001073E2 /* nl */,
			);
			name = Localizable.strings;
			sourceTree = "<group>";
		};
		7EB5EDE2252136F800B61160 /* Main.storyboard */ = {
			isa = PBXVariantGroup;
			children = (
				7EB5EDE3252136F800B61160 /* Base */,
			);
			name = Main.storyboard;
			sourceTree = "<group>";
		};
/* End PBXVariantGroup section */

/* Begin XCBuildConfiguration section */
		7EA478651F40B154000CEDDC /* Debug */ = {
			isa = XCBuildConfiguration;
			buildSettings = {
				ALWAYS_SEARCH_USER_PATHS = NO;
				CLANG_ANALYZER_LOCALIZABILITY_NONLOCALIZED = YES;
				CLANG_ANALYZER_NONNULL = YES;
				CLANG_ANALYZER_NUMBER_OBJECT_CONVERSION = YES_AGGRESSIVE;
				CLANG_CXX_LANGUAGE_STANDARD = "gnu++0x";
				CLANG_CXX_LIBRARY = "libc++";
				CLANG_ENABLE_MODULES = YES;
				CLANG_ENABLE_OBJC_ARC = YES;
				CLANG_WARN_BLOCK_CAPTURE_AUTORELEASING = YES;
				CLANG_WARN_BOOL_CONVERSION = YES;
				CLANG_WARN_COMMA = YES;
				CLANG_WARN_CONSTANT_CONVERSION = YES;
				CLANG_WARN_DEPRECATED_OBJC_IMPLEMENTATIONS = YES;
				CLANG_WARN_DIRECT_OBJC_ISA_USAGE = YES_ERROR;
				CLANG_WARN_DOCUMENTATION_COMMENTS = YES;
				CLANG_WARN_EMPTY_BODY = YES;
				CLANG_WARN_ENUM_CONVERSION = YES;
				CLANG_WARN_INFINITE_RECURSION = YES;
				CLANG_WARN_INT_CONVERSION = YES;
				CLANG_WARN_NON_LITERAL_NULL_CONVERSION = YES;
				CLANG_WARN_OBJC_IMPLICIT_RETAIN_SELF = YES;
				CLANG_WARN_OBJC_LITERAL_CONVERSION = YES;
				CLANG_WARN_OBJC_ROOT_CLASS = YES_ERROR;
				CLANG_WARN_RANGE_LOOP_ANALYSIS = YES;
				CLANG_WARN_STRICT_PROTOTYPES = YES;
				CLANG_WARN_SUSPICIOUS_MOVE = YES;
				CLANG_WARN_UNREACHABLE_CODE = YES;
				CLANG_WARN__DUPLICATE_METHOD_MATCH = YES;
				"CODE_SIGN_IDENTITY[sdk=iphoneos*]" = "iPhone Developer";
				COPY_PHASE_STRIP = NO;
				DEBUG_INFORMATION_FORMAT = dwarf;
				ENABLE_STRICT_OBJC_MSGSEND = YES;
				ENABLE_TESTABILITY = YES;
				GCC_C_LANGUAGE_STANDARD = gnu99;
				GCC_DYNAMIC_NO_PIC = NO;
				GCC_NO_COMMON_BLOCKS = YES;
				GCC_OPTIMIZATION_LEVEL = 0;
				GCC_PREPROCESSOR_DEFINITIONS = (
					"DEBUG=1",
					"$(inherited)",
				);
				GCC_WARN_64_TO_32_BIT_CONVERSION = YES;
				GCC_WARN_ABOUT_RETURN_TYPE = YES_ERROR;
				GCC_WARN_UNDECLARED_SELECTOR = YES;
				GCC_WARN_UNINITIALIZED_AUTOS = YES_AGGRESSIVE;
				GCC_WARN_UNUSED_FUNCTION = YES;
				GCC_WARN_UNUSED_VARIABLE = YES;
				IPHONEOS_DEPLOYMENT_TARGET = 11.0;
				MTL_ENABLE_DEBUG_INFO = YES;
				ONLY_ACTIVE_ARCH = YES;
				OTHER_LDFLAGS = "-ObjC";
				SDKROOT = iphoneos;
				SWIFT_ACTIVE_COMPILATION_CONDITIONS = DEBUG;
				SWIFT_OPTIMIZATION_LEVEL = "-Onone";
				TARGETED_DEVICE_FAMILY = "1,2";
			};
			name = Debug;
		};
		7EA478661F40B154000CEDDC /* Release */ = {
			isa = XCBuildConfiguration;
			buildSettings = {
				ALWAYS_SEARCH_USER_PATHS = NO;
				CLANG_ANALYZER_LOCALIZABILITY_NONLOCALIZED = YES;
				CLANG_ANALYZER_NONNULL = YES;
				CLANG_ANALYZER_NUMBER_OBJECT_CONVERSION = YES_AGGRESSIVE;
				CLANG_CXX_LANGUAGE_STANDARD = "gnu++0x";
				CLANG_CXX_LIBRARY = "libc++";
				CLANG_ENABLE_MODULES = YES;
				CLANG_ENABLE_OBJC_ARC = YES;
				CLANG_WARN_BLOCK_CAPTURE_AUTORELEASING = YES;
				CLANG_WARN_BOOL_CONVERSION = YES;
				CLANG_WARN_COMMA = YES;
				CLANG_WARN_CONSTANT_CONVERSION = YES;
				CLANG_WARN_DEPRECATED_OBJC_IMPLEMENTATIONS = YES;
				CLANG_WARN_DIRECT_OBJC_ISA_USAGE = YES_ERROR;
				CLANG_WARN_DOCUMENTATION_COMMENTS = YES;
				CLANG_WARN_EMPTY_BODY = YES;
				CLANG_WARN_ENUM_CONVERSION = YES;
				CLANG_WARN_INFINITE_RECURSION = YES;
				CLANG_WARN_INT_CONVERSION = YES;
				CLANG_WARN_NON_LITERAL_NULL_CONVERSION = YES;
				CLANG_WARN_OBJC_IMPLICIT_RETAIN_SELF = YES;
				CLANG_WARN_OBJC_LITERAL_CONVERSION = YES;
				CLANG_WARN_OBJC_ROOT_CLASS = YES_ERROR;
				CLANG_WARN_RANGE_LOOP_ANALYSIS = YES;
				CLANG_WARN_STRICT_PROTOTYPES = YES;
				CLANG_WARN_SUSPICIOUS_MOVE = YES;
				CLANG_WARN_UNREACHABLE_CODE = YES;
				CLANG_WARN__DUPLICATE_METHOD_MATCH = YES;
				"CODE_SIGN_IDENTITY[sdk=iphoneos*]" = "iPhone Developer";
				COPY_PHASE_STRIP = NO;
				DEBUG_INFORMATION_FORMAT = "dwarf-with-dsym";
				ENABLE_NS_ASSERTIONS = NO;
				ENABLE_STRICT_OBJC_MSGSEND = YES;
				GCC_C_LANGUAGE_STANDARD = gnu99;
				GCC_NO_COMMON_BLOCKS = YES;
				GCC_WARN_64_TO_32_BIT_CONVERSION = YES;
				GCC_WARN_ABOUT_RETURN_TYPE = YES_ERROR;
				GCC_WARN_UNDECLARED_SELECTOR = YES;
				GCC_WARN_UNINITIALIZED_AUTOS = YES_AGGRESSIVE;
				GCC_WARN_UNUSED_FUNCTION = YES;
				GCC_WARN_UNUSED_VARIABLE = YES;
				IPHONEOS_DEPLOYMENT_TARGET = 11.0;
				MTL_ENABLE_DEBUG_INFO = NO;
				OTHER_LDFLAGS = "-ObjC";
				SDKROOT = iphoneos;
				SWIFT_COMPILATION_MODE = wholemodule;
				SWIFT_OPTIMIZATION_LEVEL = "-O";
				TARGETED_DEVICE_FAMILY = "1,2";
				VALIDATE_PRODUCT = YES;
			};
			name = Release;
		};
		7EA478681F40B154000CEDDC /* Debug */ = {
			isa = XCBuildConfiguration;
			baseConfigurationReference = 4E2D3628243A0841E630E538 /* Pods-WunderLINQ.debug.xcconfig */;
			buildSettings = {
				ASSETCATALOG_COMPILER_APPICON_NAME = AppIcon;
				CLANG_ANALYZER_LOCALIZABILITY_EMPTY_CONTEXT = YES;
				CLANG_ANALYZER_LOCALIZABILITY_NONLOCALIZED = YES;
				CODE_SIGN_IDENTITY = "iPhone Developer";
				CODE_SIGN_STYLE = Automatic;
				CURRENT_PROJECT_VERSION = 5;
				DEVELOPMENT_TEAM = 3J48UMN5W2;
				FRAMEWORK_SEARCH_PATHS = (
					"$(inherited)",
					"$(PROJECT_DIR)/WunderLINQ",
				);
				INFOPLIST_FILE = WunderLINQ/Info.plist;
				IPHONEOS_DEPLOYMENT_TARGET = 11.0;
				LD_RUNPATH_SEARCH_PATHS = (
					"$(inherited)",
					"@executable_path/Frameworks",
				);
				MARKETING_VERSION = 2.0.11;
				PRODUCT_BUNDLE_IDENTIFIER = com.blackboxembedded.wunderlinq;
				PRODUCT_NAME = "$(TARGET_NAME)";
				PROVISIONING_PROFILE_SPECIFIER = "";
				SWIFT_OBJC_BRIDGING_HEADER = "WunderLINQ-Bridging-Header.h";
				SWIFT_VERSION = 5.0;
			};
			name = Debug;
		};
		7EA478691F40B154000CEDDC /* Release */ = {
			isa = XCBuildConfiguration;
			baseConfigurationReference = 5B6A75C94A76FEE610EF7F86 /* Pods-WunderLINQ.release.xcconfig */;
			buildSettings = {
				ASSETCATALOG_COMPILER_APPICON_NAME = AppIcon;
				CLANG_ANALYZER_LOCALIZABILITY_EMPTY_CONTEXT = YES;
				CLANG_ANALYZER_LOCALIZABILITY_NONLOCALIZED = YES;
				CODE_SIGN_IDENTITY = "iPhone Developer";
				CODE_SIGN_STYLE = Automatic;
				CURRENT_PROJECT_VERSION = 5;
				DEVELOPMENT_TEAM = 3J48UMN5W2;
				FRAMEWORK_SEARCH_PATHS = (
					"$(inherited)",
					"$(PROJECT_DIR)/WunderLINQ",
				);
				INFOPLIST_FILE = WunderLINQ/Info.plist;
				IPHONEOS_DEPLOYMENT_TARGET = 11.0;
				LD_RUNPATH_SEARCH_PATHS = (
					"$(inherited)",
					"@executable_path/Frameworks",
				);
				MARKETING_VERSION = 2.0.11;
				PRODUCT_BUNDLE_IDENTIFIER = com.blackboxembedded.wunderlinq;
				PRODUCT_NAME = "$(TARGET_NAME)";
				PROVISIONING_PROFILE_SPECIFIER = "";
				SWIFT_OBJC_BRIDGING_HEADER = "WunderLINQ-Bridging-Header.h";
				SWIFT_VERSION = 5.0;
			};
			name = Release;
		};
		7EA4786B1F40B154000CEDDC /* Debug */ = {
			isa = XCBuildConfiguration;
			buildSettings = {
				ALWAYS_EMBED_SWIFT_STANDARD_LIBRARIES = YES;
				BUNDLE_LOADER = "$(TEST_HOST)";
				DEVELOPMENT_TEAM = L5697YQ5RS;
				INFOPLIST_FILE = WunderLINQTests/Info.plist;
				LD_RUNPATH_SEARCH_PATHS = (
					"$(inherited)",
					"@executable_path/Frameworks",
					"@loader_path/Frameworks",
				);
				PRODUCT_BUNDLE_IDENTIFIER = com.blackboxembedded.WunderLINQTests;
				PRODUCT_NAME = "$(TARGET_NAME)";
				SWIFT_VERSION = 5.0;
				TEST_HOST = "$(BUILT_PRODUCTS_DIR)/WunderLINQ.app/WunderLINQ";
			};
			name = Debug;
		};
		7EA4786C1F40B154000CEDDC /* Release */ = {
			isa = XCBuildConfiguration;
			buildSettings = {
				ALWAYS_EMBED_SWIFT_STANDARD_LIBRARIES = YES;
				BUNDLE_LOADER = "$(TEST_HOST)";
				DEVELOPMENT_TEAM = L5697YQ5RS;
				INFOPLIST_FILE = WunderLINQTests/Info.plist;
				LD_RUNPATH_SEARCH_PATHS = (
					"$(inherited)",
					"@executable_path/Frameworks",
					"@loader_path/Frameworks",
				);
				PRODUCT_BUNDLE_IDENTIFIER = com.blackboxembedded.WunderLINQTests;
				PRODUCT_NAME = "$(TARGET_NAME)";
				SWIFT_VERSION = 5.0;
				TEST_HOST = "$(BUILT_PRODUCTS_DIR)/WunderLINQ.app/WunderLINQ";
			};
			name = Release;
		};
/* End XCBuildConfiguration section */

/* Begin XCConfigurationList section */
		7EA478451F40B154000CEDDC /* Build configuration list for PBXProject "WunderLINQ" */ = {
			isa = XCConfigurationList;
			buildConfigurations = (
				7EA478651F40B154000CEDDC /* Debug */,
				7EA478661F40B154000CEDDC /* Release */,
			);
			defaultConfigurationIsVisible = 0;
			defaultConfigurationName = Release;
		};
		7EA478671F40B154000CEDDC /* Build configuration list for PBXNativeTarget "WunderLINQ" */ = {
			isa = XCConfigurationList;
			buildConfigurations = (
				7EA478681F40B154000CEDDC /* Debug */,
				7EA478691F40B154000CEDDC /* Release */,
			);
			defaultConfigurationIsVisible = 0;
			defaultConfigurationName = Release;
		};
		7EA4786A1F40B154000CEDDC /* Build configuration list for PBXNativeTarget "WunderLINQTests" */ = {
			isa = XCConfigurationList;
			buildConfigurations = (
				7EA4786B1F40B154000CEDDC /* Debug */,
				7EA4786C1F40B154000CEDDC /* Release */,
			);
			defaultConfigurationIsVisible = 0;
			defaultConfigurationName = Release;
		};
/* End XCConfigurationList section */
	};
	rootObject = 7EA478421F40B154000CEDDC /* Project object */;
}
